// !$*UTF8*$!
{
	archiveVersion = 1;
	classes = {
	};
	objectVersion = 56;
	objects = {

/* Begin PBXBuildFile section */
		2A0F6E842CA00FDB00BF22F4 /* ios_stonedge_appApp.swift in Sources */ = {isa = PBXBuildFile; fileRef = 2A0F6E832CA00FDB00BF22F4 /* ios_stonedge_appApp.swift */; };
		2A0F6E862CA00FDB00BF22F4 /* ContentView.swift in Sources */ = {isa = PBXBuildFile; fileRef = 2A0F6E852CA00FDB00BF22F4 /* ContentView.swift */; };
		2A0F6E882CA00FDC00BF22F4 /* Assets.xcassets in Resources */ = {isa = PBXBuildFile; fileRef = 2A0F6E872CA00FDC00BF22F4 /* Assets.xcassets */; };
		2A0F6E8B2CA00FDC00BF22F4 /* Preview Assets.xcassets in Resources */ = {isa = PBXBuildFile; fileRef = 2A0F6E8A2CA00FDC00BF22F4 /* Preview Assets.xcassets */; };
		2A0F6E952CA00FDC00BF22F4 /* ios_stonedge_appTests.swift in Sources */ = {isa = PBXBuildFile; fileRef = 2A0F6E942CA00FDC00BF22F4 /* ios_stonedge_appTests.swift */; };
		2A0F6E9F2CA00FDC00BF22F4 /* ios_stonedge_appUITests.swift in Sources */ = {isa = PBXBuildFile; fileRef = 2A0F6E9E2CA00FDC00BF22F4 /* ios_stonedge_appUITests.swift */; };
		2A0F6EA12CA00FDC00BF22F4 /* ios_stonedge_appUITestsLaunchTests.swift in Sources */ = {isa = PBXBuildFile; fileRef = 2A0F6EA02CA00FDC00BF22F4 /* ios_stonedge_appUITestsLaunchTests.swift */; };
		2A0F6EE62CA0655800BF22F4 /* LaunchScreen.storyboard in Resources */ = {isa = PBXBuildFile; fileRef = 2A0F6EE42CA0655800BF22F4 /* LaunchScreen.storyboard */; };
		2A0F6EE72CA0655800BF22F4 /* KeyEventHandlingView.swift in Sources */ = {isa = PBXBuildFile; fileRef = 2A0F6EE52CA0655800BF22F4 /* KeyEventHandlingView.swift */; };
		2A0F6F3C2CA06CC700BF22F4 /* Game.swift in Sources */ = {isa = PBXBuildFile; fileRef = 2A0F6F312CA06CC700BF22F4 /* Game.swift */; };
		2A0F6F3D2CA06CC700BF22F4 /* StonedgeGameView.swift in Sources */ = {isa = PBXBuildFile; fileRef = 2A0F6F322CA06CC700BF22F4 /* StonedgeGameView.swift */; };
		2A0F6F3E2CA06CC700BF22F4 /* Levels.swift in Sources */ = {isa = PBXBuildFile; fileRef = 2A0F6F332CA06CC700BF22F4 /* Levels.swift */; };
		2A0F6F3F2CA06CC700BF22F4 /* UserView.swift in Sources */ = {isa = PBXBuildFile; fileRef = 2A0F6F342CA06CC700BF22F4 /* UserView.swift */; };
		2A0F6F402CA06CC700BF22F4 /* ViewGlobals.swift in Sources */ = {isa = PBXBuildFile; fileRef = 2A0F6F352CA06CC700BF22F4 /* ViewGlobals.swift */; };
		2A0F6F412CA06CC700BF22F4 /* GameParser.swift in Sources */ = {isa = PBXBuildFile; fileRef = 2A0F6F362CA06CC700BF22F4 /* GameParser.swift */; };
		2A0F6F422CA06CC700BF22F4 /* Cell.swift in Sources */ = {isa = PBXBuildFile; fileRef = 2A0F6F372CA06CC700BF22F4 /* Cell.swift */; };
		2A0F6F432CA06CC700BF22F4 /* BoardView.swift in Sources */ = {isa = PBXBuildFile; fileRef = 2A0F6F382CA06CC700BF22F4 /* BoardView.swift */; };
		2A0F6F442CA06CC700BF22F4 /* Stone.swift in Sources */ = {isa = PBXBuildFile; fileRef = 2A0F6F392CA06CC700BF22F4 /* Stone.swift */; };
		2A0F6F452CA06CC700BF22F4 /* User.swift in Sources */ = {isa = PBXBuildFile; fileRef = 2A0F6F3A2CA06CC700BF22F4 /* User.swift */; };
		2A0F6F462CA06CC700BF22F4 /* StoneView.swift in Sources */ = {isa = PBXBuildFile; fileRef = 2A0F6F3B2CA06CC700BF22F4 /* StoneView.swift */; };
/* End PBXBuildFile section */

/* Begin PBXContainerItemProxy section */
		2A0F6E912CA00FDC00BF22F4 /* PBXContainerItemProxy */ = {
			isa = PBXContainerItemProxy;
			containerPortal = 2A0F6E782CA00FDB00BF22F4 /* Project object */;
			proxyType = 1;
			remoteGlobalIDString = 2A0F6E7F2CA00FDB00BF22F4;
			remoteInfo = "ios-stonedge-app";
		};
		2A0F6E9B2CA00FDC00BF22F4 /* PBXContainerItemProxy */ = {
			isa = PBXContainerItemProxy;
			containerPortal = 2A0F6E782CA00FDB00BF22F4 /* Project object */;
			proxyType = 1;
			remoteGlobalIDString = 2A0F6E7F2CA00FDB00BF22F4;
			remoteInfo = "ios-stonedge-app";
		};
/* End PBXContainerItemProxy section */

/* Begin PBXFileReference section */
		2A0F6E802CA00FDB00BF22F4 /* ios-stonedge-app.app */ = {isa = PBXFileReference; explicitFileType = wrapper.application; includeInIndex = 0; path = "ios-stonedge-app.app"; sourceTree = BUILT_PRODUCTS_DIR; };
		2A0F6E832CA00FDB00BF22F4 /* ios_stonedge_appApp.swift */ = {isa = PBXFileReference; lastKnownFileType = sourcecode.swift; path = ios_stonedge_appApp.swift; sourceTree = "<group>"; };
		2A0F6E852CA00FDB00BF22F4 /* ContentView.swift */ = {isa = PBXFileReference; lastKnownFileType = sourcecode.swift; path = ContentView.swift; sourceTree = "<group>"; };
		2A0F6E872CA00FDC00BF22F4 /* Assets.xcassets */ = {isa = PBXFileReference; lastKnownFileType = folder.assetcatalog; path = Assets.xcassets; sourceTree = "<group>"; };
		2A0F6E8A2CA00FDC00BF22F4 /* Preview Assets.xcassets */ = {isa = PBXFileReference; lastKnownFileType = folder.assetcatalog; path = "Preview Assets.xcassets"; sourceTree = "<group>"; };
		2A0F6E902CA00FDC00BF22F4 /* ios-stonedge-appTests.xctest */ = {isa = PBXFileReference; explicitFileType = wrapper.cfbundle; includeInIndex = 0; path = "ios-stonedge-appTests.xctest"; sourceTree = BUILT_PRODUCTS_DIR; };
		2A0F6E942CA00FDC00BF22F4 /* ios_stonedge_appTests.swift */ = {isa = PBXFileReference; lastKnownFileType = sourcecode.swift; path = ios_stonedge_appTests.swift; sourceTree = "<group>"; };
		2A0F6E9A2CA00FDC00BF22F4 /* ios-stonedge-appUITests.xctest */ = {isa = PBXFileReference; explicitFileType = wrapper.cfbundle; includeInIndex = 0; path = "ios-stonedge-appUITests.xctest"; sourceTree = BUILT_PRODUCTS_DIR; };
		2A0F6E9E2CA00FDC00BF22F4 /* ios_stonedge_appUITests.swift */ = {isa = PBXFileReference; lastKnownFileType = sourcecode.swift; path = ios_stonedge_appUITests.swift; sourceTree = "<group>"; };
		2A0F6EA02CA00FDC00BF22F4 /* ios_stonedge_appUITestsLaunchTests.swift */ = {isa = PBXFileReference; lastKnownFileType = sourcecode.swift; path = ios_stonedge_appUITestsLaunchTests.swift; sourceTree = "<group>"; };
		2A0F6EE42CA0655800BF22F4 /* LaunchScreen.storyboard */ = {isa = PBXFileReference; fileEncoding = 4; lastKnownFileType = file.storyboard; path = LaunchScreen.storyboard; sourceTree = "<group>"; };
		2A0F6EE52CA0655800BF22F4 /* KeyEventHandlingView.swift */ = {isa = PBXFileReference; fileEncoding = 4; lastKnownFileType = sourcecode.swift; path = KeyEventHandlingView.swift; sourceTree = "<group>"; };
		2A0F6EEF2CA0656E00BF22F4 /* stonedge.entitlements */ = {isa = PBXFileReference; fileEncoding = 4; lastKnownFileType = text.plist.entitlements; name = stonedge.entitlements; path = ../../sources/stonedge.entitlements; sourceTree = "<group>"; };
		2A0F6F312CA06CC700BF22F4 /* Game.swift */ = {isa = PBXFileReference; fileEncoding = 4; lastKnownFileType = sourcecode.swift; name = Game.swift; path = ../../sources/Game.swift; sourceTree = "<group>"; };
		2A0F6F322CA06CC700BF22F4 /* StonedgeGameView.swift */ = {isa = PBXFileReference; fileEncoding = 4; lastKnownFileType = sourcecode.swift; name = StonedgeGameView.swift; path = ../../sources/StonedgeGameView.swift; sourceTree = "<group>"; };
		2A0F6F332CA06CC700BF22F4 /* Levels.swift */ = {isa = PBXFileReference; fileEncoding = 4; lastKnownFileType = sourcecode.swift; name = Levels.swift; path = ../../sources/Levels.swift; sourceTree = "<group>"; };
		2A0F6F342CA06CC700BF22F4 /* UserView.swift */ = {isa = PBXFileReference; fileEncoding = 4; lastKnownFileType = sourcecode.swift; name = UserView.swift; path = ../../sources/UserView.swift; sourceTree = "<group>"; };
		2A0F6F352CA06CC700BF22F4 /* ViewGlobals.swift */ = {isa = PBXFileReference; fileEncoding = 4; lastKnownFileType = sourcecode.swift; name = ViewGlobals.swift; path = ../../sources/ViewGlobals.swift; sourceTree = "<group>"; };
		2A0F6F362CA06CC700BF22F4 /* GameParser.swift */ = {isa = PBXFileReference; fileEncoding = 4; lastKnownFileType = sourcecode.swift; name = GameParser.swift; path = ../../sources/GameParser.swift; sourceTree = "<group>"; };
		2A0F6F372CA06CC700BF22F4 /* Cell.swift */ = {isa = PBXFileReference; fileEncoding = 4; lastKnownFileType = sourcecode.swift; name = Cell.swift; path = ../../sources/Cell.swift; sourceTree = "<group>"; };
		2A0F6F382CA06CC700BF22F4 /* BoardView.swift */ = {isa = PBXFileReference; fileEncoding = 4; lastKnownFileType = sourcecode.swift; name = BoardView.swift; path = ../../sources/BoardView.swift; sourceTree = "<group>"; };
		2A0F6F392CA06CC700BF22F4 /* Stone.swift */ = {isa = PBXFileReference; fileEncoding = 4; lastKnownFileType = sourcecode.swift; name = Stone.swift; path = ../../sources/Stone.swift; sourceTree = "<group>"; };
		2A0F6F3A2CA06CC700BF22F4 /* User.swift */ = {isa = PBXFileReference; fileEncoding = 4; lastKnownFileType = sourcecode.swift; name = User.swift; path = ../../sources/User.swift; sourceTree = "<group>"; };
		2A0F6F3B2CA06CC700BF22F4 /* StoneView.swift */ = {isa = PBXFileReference; fileEncoding = 4; lastKnownFileType = sourcecode.swift; name = StoneView.swift; path = ../../sources/StoneView.swift; sourceTree = "<group>"; };
/* End PBXFileReference section */

/* Begin PBXFrameworksBuildPhase section */
		2A0F6E7D2CA00FDB00BF22F4 /* Frameworks */ = {
			isa = PBXFrameworksBuildPhase;
			buildActionMask = 2147483647;
			files = (
			);
			runOnlyForDeploymentPostprocessing = 0;
		};
		2A0F6E8D2CA00FDC00BF22F4 /* Frameworks */ = {
			isa = PBXFrameworksBuildPhase;
			buildActionMask = 2147483647;
			files = (
			);
			runOnlyForDeploymentPostprocessing = 0;
		};
		2A0F6E972CA00FDC00BF22F4 /* Frameworks */ = {
			isa = PBXFrameworksBuildPhase;
			buildActionMask = 2147483647;
			files = (
			);
			runOnlyForDeploymentPostprocessing = 0;
		};
/* End PBXFrameworksBuildPhase section */

/* Begin PBXGroup section */
		2A0F6E772CA00FDB00BF22F4 = {
			isa = PBXGroup;
			children = (
				2A0F6E822CA00FDB00BF22F4 /* ios-stonedge-app */,
				2A0F6E932CA00FDC00BF22F4 /* ios-stonedge-appTests */,
				2A0F6E9D2CA00FDC00BF22F4 /* ios-stonedge-appUITests */,
				2A0F6E812CA00FDB00BF22F4 /* Products */,
			);
			sourceTree = "<group>";
		};
		2A0F6E812CA00FDB00BF22F4 /* Products */ = {
			isa = PBXGroup;
			children = (
				2A0F6E802CA00FDB00BF22F4 /* ios-stonedge-app.app */,
				2A0F6E902CA00FDC00BF22F4 /* ios-stonedge-appTests.xctest */,
				2A0F6E9A2CA00FDC00BF22F4 /* ios-stonedge-appUITests.xctest */,
			);
			name = Products;
			sourceTree = "<group>";
		};
		2A0F6E822CA00FDB00BF22F4 /* ios-stonedge-app */ = {
			isa = PBXGroup;
			children = (
				2A0F6F302CA06CAE00BF22F4 /* Sources */,
				2A0F6EEF2CA0656E00BF22F4 /* stonedge.entitlements */,
				2A0F6EE42CA0655800BF22F4 /* LaunchScreen.storyboard */,
				2A0F6E872CA00FDC00BF22F4 /* Assets.xcassets */,
				2A0F6E832CA00FDB00BF22F4 /* ios_stonedge_appApp.swift */,
				2A0F6EE52CA0655800BF22F4 /* KeyEventHandlingView.swift */,
				2A0F6E852CA00FDB00BF22F4 /* ContentView.swift */,
				2A0F6E892CA00FDC00BF22F4 /* Preview Content */,
			);
			path = "ios-stonedge-app";
			sourceTree = "<group>";
		};
		2A0F6E892CA00FDC00BF22F4 /* Preview Content */ = {
			isa = PBXGroup;
			children = (
				2A0F6E8A2CA00FDC00BF22F4 /* Preview Assets.xcassets */,
			);
			path = "Preview Content";
			sourceTree = "<group>";
		};
		2A0F6E932CA00FDC00BF22F4 /* ios-stonedge-appTests */ = {
			isa = PBXGroup;
			children = (
				2A0F6E942CA00FDC00BF22F4 /* ios_stonedge_appTests.swift */,
			);
			path = "ios-stonedge-appTests";
			sourceTree = "<group>";
		};
		2A0F6E9D2CA00FDC00BF22F4 /* ios-stonedge-appUITests */ = {
			isa = PBXGroup;
			children = (
				2A0F6E9E2CA00FDC00BF22F4 /* ios_stonedge_appUITests.swift */,
				2A0F6EA02CA00FDC00BF22F4 /* ios_stonedge_appUITestsLaunchTests.swift */,
			);
			path = "ios-stonedge-appUITests";
			sourceTree = "<group>";
		};
		2A0F6F302CA06CAE00BF22F4 /* Sources */ = {
			isa = PBXGroup;
			children = (
				2A0F6F382CA06CC700BF22F4 /* BoardView.swift */,
				2A0F6F372CA06CC700BF22F4 /* Cell.swift */,
				2A0F6F312CA06CC700BF22F4 /* Game.swift */,
				2A0F6F362CA06CC700BF22F4 /* GameParser.swift */,
				2A0F6F332CA06CC700BF22F4 /* Levels.swift */,
				2A0F6F392CA06CC700BF22F4 /* Stone.swift */,
				2A0F6F322CA06CC700BF22F4 /* StonedgeGameView.swift */,
				2A0F6F3B2CA06CC700BF22F4 /* StoneView.swift */,
				2A0F6F3A2CA06CC700BF22F4 /* User.swift */,
				2A0F6F342CA06CC700BF22F4 /* UserView.swift */,
				2A0F6F352CA06CC700BF22F4 /* ViewGlobals.swift */,
			);
			name = Sources;
			sourceTree = "<group>";
		};
/* End PBXGroup section */

/* Begin PBXNativeTarget section */
		2A0F6E7F2CA00FDB00BF22F4 /* ios-stonedge-app */ = {
			isa = PBXNativeTarget;
			buildConfigurationList = 2A0F6EA42CA00FDC00BF22F4 /* Build configuration list for PBXNativeTarget "ios-stonedge-app" */;
			buildPhases = (
				2A0F6E7C2CA00FDB00BF22F4 /* Sources */,
				2A0F6E7D2CA00FDB00BF22F4 /* Frameworks */,
				2A0F6E7E2CA00FDB00BF22F4 /* Resources */,
			);
			buildRules = (
			);
			dependencies = (
			);
			name = "ios-stonedge-app";
			productName = "ios-stonedge-app";
			productReference = 2A0F6E802CA00FDB00BF22F4 /* ios-stonedge-app.app */;
			productType = "com.apple.product-type.application";
		};
		2A0F6E8F2CA00FDC00BF22F4 /* ios-stonedge-appTests */ = {
			isa = PBXNativeTarget;
			buildConfigurationList = 2A0F6EA72CA00FDC00BF22F4 /* Build configuration list for PBXNativeTarget "ios-stonedge-appTests" */;
			buildPhases = (
				2A0F6E8C2CA00FDC00BF22F4 /* Sources */,
				2A0F6E8D2CA00FDC00BF22F4 /* Frameworks */,
				2A0F6E8E2CA00FDC00BF22F4 /* Resources */,
			);
			buildRules = (
			);
			dependencies = (
				2A0F6E922CA00FDC00BF22F4 /* PBXTargetDependency */,
			);
			name = "ios-stonedge-appTests";
			productName = "ios-stonedge-appTests";
			productReference = 2A0F6E902CA00FDC00BF22F4 /* ios-stonedge-appTests.xctest */;
			productType = "com.apple.product-type.bundle.unit-test";
		};
		2A0F6E992CA00FDC00BF22F4 /* ios-stonedge-appUITests */ = {
			isa = PBXNativeTarget;
			buildConfigurationList = 2A0F6EAA2CA00FDC00BF22F4 /* Build configuration list for PBXNativeTarget "ios-stonedge-appUITests" */;
			buildPhases = (
				2A0F6E962CA00FDC00BF22F4 /* Sources */,
				2A0F6E972CA00FDC00BF22F4 /* Frameworks */,
				2A0F6E982CA00FDC00BF22F4 /* Resources */,
			);
			buildRules = (
			);
			dependencies = (
				2A0F6E9C2CA00FDC00BF22F4 /* PBXTargetDependency */,
			);
			name = "ios-stonedge-appUITests";
			productName = "ios-stonedge-appUITests";
			productReference = 2A0F6E9A2CA00FDC00BF22F4 /* ios-stonedge-appUITests.xctest */;
			productType = "com.apple.product-type.bundle.ui-testing";
		};
/* End PBXNativeTarget section */

/* Begin PBXProject section */
		2A0F6E782CA00FDB00BF22F4 /* Project object */ = {
			isa = PBXProject;
			attributes = {
				BuildIndependentTargetsInParallel = 1;
				LastSwiftUpdateCheck = 1540;
				LastUpgradeCheck = 1540;
				TargetAttributes = {
					2A0F6E7F2CA00FDB00BF22F4 = {
						CreatedOnToolsVersion = 15.4;
					};
					2A0F6E8F2CA00FDC00BF22F4 = {
						CreatedOnToolsVersion = 15.4;
						TestTargetID = 2A0F6E7F2CA00FDB00BF22F4;
					};
					2A0F6E992CA00FDC00BF22F4 = {
						CreatedOnToolsVersion = 15.4;
						TestTargetID = 2A0F6E7F2CA00FDB00BF22F4;
					};
				};
			};
			buildConfigurationList = 2A0F6E7B2CA00FDB00BF22F4 /* Build configuration list for PBXProject "ios-stonedge-app" */;
			compatibilityVersion = "Xcode 14.0";
			developmentRegion = en;
			hasScannedForEncodings = 0;
			knownRegions = (
				en,
				Base,
			);
			mainGroup = 2A0F6E772CA00FDB00BF22F4;
			productRefGroup = 2A0F6E812CA00FDB00BF22F4 /* Products */;
			projectDirPath = "";
			projectRoot = "";
			targets = (
				2A0F6E7F2CA00FDB00BF22F4 /* ios-stonedge-app */,
				2A0F6E8F2CA00FDC00BF22F4 /* ios-stonedge-appTests */,
				2A0F6E992CA00FDC00BF22F4 /* ios-stonedge-appUITests */,
			);
		};
/* End PBXProject section */

/* Begin PBXResourcesBuildPhase section */
		2A0F6E7E2CA00FDB00BF22F4 /* Resources */ = {
			isa = PBXResourcesBuildPhase;
			buildActionMask = 2147483647;
			files = (
				2A0F6EE62CA0655800BF22F4 /* LaunchScreen.storyboard in Resources */,
				2A0F6E8B2CA00FDC00BF22F4 /* Preview Assets.xcassets in Resources */,
				2A0F6E882CA00FDC00BF22F4 /* Assets.xcassets in Resources */,
			);
			runOnlyForDeploymentPostprocessing = 0;
		};
		2A0F6E8E2CA00FDC00BF22F4 /* Resources */ = {
			isa = PBXResourcesBuildPhase;
			buildActionMask = 2147483647;
			files = (
			);
			runOnlyForDeploymentPostprocessing = 0;
		};
		2A0F6E982CA00FDC00BF22F4 /* Resources */ = {
			isa = PBXResourcesBuildPhase;
			buildActionMask = 2147483647;
			files = (
			);
			runOnlyForDeploymentPostprocessing = 0;
		};
/* End PBXResourcesBuildPhase section */

/* Begin PBXSourcesBuildPhase section */
		2A0F6E7C2CA00FDB00BF22F4 /* Sources */ = {
			isa = PBXSourcesBuildPhase;
			buildActionMask = 2147483647;
			files = (
				2A0F6F452CA06CC700BF22F4 /* User.swift in Sources */,
				2A0F6F432CA06CC700BF22F4 /* BoardView.swift in Sources */,
				2A0F6F3E2CA06CC700BF22F4 /* Levels.swift in Sources */,
				2A0F6EE72CA0655800BF22F4 /* KeyEventHandlingView.swift in Sources */,
				2A0F6F462CA06CC700BF22F4 /* StoneView.swift in Sources */,
				2A0F6F442CA06CC700BF22F4 /* Stone.swift in Sources */,
				2A0F6E862CA00FDB00BF22F4 /* ContentView.swift in Sources */,
				2A0F6F402CA06CC700BF22F4 /* ViewGlobals.swift in Sources */,
				2A0F6F412CA06CC700BF22F4 /* GameParser.swift in Sources */,
				2A0F6E842CA00FDB00BF22F4 /* ios_stonedge_appApp.swift in Sources */,
				2A0F6F3D2CA06CC700BF22F4 /* StonedgeGameView.swift in Sources */,
				2A0F6F422CA06CC700BF22F4 /* Cell.swift in Sources */,
				2A0F6F3C2CA06CC700BF22F4 /* Game.swift in Sources */,
				2A0F6F3F2CA06CC700BF22F4 /* UserView.swift in Sources */,
			);
			runOnlyForDeploymentPostprocessing = 0;
		};
		2A0F6E8C2CA00FDC00BF22F4 /* Sources */ = {
			isa = PBXSourcesBuildPhase;
			buildActionMask = 2147483647;
			files = (
				2A0F6E952CA00FDC00BF22F4 /* ios_stonedge_appTests.swift in Sources */,
			);
			runOnlyForDeploymentPostprocessing = 0;
		};
		2A0F6E962CA00FDC00BF22F4 /* Sources */ = {
			isa = PBXSourcesBuildPhase;
			buildActionMask = 2147483647;
			files = (
				2A0F6E9F2CA00FDC00BF22F4 /* ios_stonedge_appUITests.swift in Sources */,
				2A0F6EA12CA00FDC00BF22F4 /* ios_stonedge_appUITestsLaunchTests.swift in Sources */,
			);
			runOnlyForDeploymentPostprocessing = 0;
		};
/* End PBXSourcesBuildPhase section */

/* Begin PBXTargetDependency section */
		2A0F6E922CA00FDC00BF22F4 /* PBXTargetDependency */ = {
			isa = PBXTargetDependency;
			target = 2A0F6E7F2CA00FDB00BF22F4 /* ios-stonedge-app */;
			targetProxy = 2A0F6E912CA00FDC00BF22F4 /* PBXContainerItemProxy */;
		};
		2A0F6E9C2CA00FDC00BF22F4 /* PBXTargetDependency */ = {
			isa = PBXTargetDependency;
			target = 2A0F6E7F2CA00FDB00BF22F4 /* ios-stonedge-app */;
			targetProxy = 2A0F6E9B2CA00FDC00BF22F4 /* PBXContainerItemProxy */;
		};
/* End PBXTargetDependency section */

/* Begin XCBuildConfiguration section */
		2A0F6EA22CA00FDC00BF22F4 /* Debug */ = {
			isa = XCBuildConfiguration;
			buildSettings = {
				ALWAYS_SEARCH_USER_PATHS = NO;
				ASSETCATALOG_COMPILER_GENERATE_SWIFT_ASSET_SYMBOL_EXTENSIONS = YES;
				CLANG_ANALYZER_NONNULL = YES;
				CLANG_ANALYZER_NUMBER_OBJECT_CONVERSION = YES_AGGRESSIVE;
				CLANG_CXX_LANGUAGE_STANDARD = "gnu++20";
				CLANG_ENABLE_MODULES = YES;
				CLANG_ENABLE_OBJC_ARC = YES;
				CLANG_ENABLE_OBJC_WEAK = YES;
				CLANG_WARN_BLOCK_CAPTURE_AUTORELEASING = YES;
				CLANG_WARN_BOOL_CONVERSION = YES;
				CLANG_WARN_COMMA = YES;
				CLANG_WARN_CONSTANT_CONVERSION = YES;
				CLANG_WARN_DEPRECATED_OBJC_IMPLEMENTATIONS = YES;
				CLANG_WARN_DIRECT_OBJC_ISA_USAGE = YES_ERROR;
				CLANG_WARN_DOCUMENTATION_COMMENTS = YES;
				CLANG_WARN_EMPTY_BODY = YES;
				CLANG_WARN_ENUM_CONVERSION = YES;
				CLANG_WARN_INFINITE_RECURSION = YES;
				CLANG_WARN_INT_CONVERSION = YES;
				CLANG_WARN_NON_LITERAL_NULL_CONVERSION = YES;
				CLANG_WARN_OBJC_IMPLICIT_RETAIN_SELF = YES;
				CLANG_WARN_OBJC_LITERAL_CONVERSION = YES;
				CLANG_WARN_OBJC_ROOT_CLASS = YES_ERROR;
				CLANG_WARN_QUOTED_INCLUDE_IN_FRAMEWORK_HEADER = YES;
				CLANG_WARN_RANGE_LOOP_ANALYSIS = YES;
				CLANG_WARN_STRICT_PROTOTYPES = YES;
				CLANG_WARN_SUSPICIOUS_MOVE = YES;
				CLANG_WARN_UNGUARDED_AVAILABILITY = YES_AGGRESSIVE;
				CLANG_WARN_UNREACHABLE_CODE = YES;
				CLANG_WARN__DUPLICATE_METHOD_MATCH = YES;
				COPY_PHASE_STRIP = NO;
				DEBUG_INFORMATION_FORMAT = dwarf;
				ENABLE_STRICT_OBJC_MSGSEND = YES;
				ENABLE_TESTABILITY = YES;
				ENABLE_USER_SCRIPT_SANDBOXING = YES;
				GCC_C_LANGUAGE_STANDARD = gnu17;
				GCC_DYNAMIC_NO_PIC = NO;
				GCC_NO_COMMON_BLOCKS = YES;
				GCC_OPTIMIZATION_LEVEL = 0;
				GCC_PREPROCESSOR_DEFINITIONS = (
					"DEBUG=1",
					"$(inherited)",
				);
				GCC_WARN_64_TO_32_BIT_CONVERSION = YES;
				GCC_WARN_ABOUT_RETURN_TYPE = YES_ERROR;
				GCC_WARN_UNDECLARED_SELECTOR = YES;
				GCC_WARN_UNINITIALIZED_AUTOS = YES_AGGRESSIVE;
				GCC_WARN_UNUSED_FUNCTION = YES;
				GCC_WARN_UNUSED_VARIABLE = YES;
				IPHONEOS_DEPLOYMENT_TARGET = 17.5;
				LOCALIZATION_PREFERS_STRING_CATALOGS = YES;
				MTL_ENABLE_DEBUG_INFO = INCLUDE_SOURCE;
				MTL_FAST_MATH = YES;
				ONLY_ACTIVE_ARCH = YES;
				SDKROOT = iphoneos;
				SWIFT_ACTIVE_COMPILATION_CONDITIONS = "DEBUG $(inherited)";
				SWIFT_OPTIMIZATION_LEVEL = "-Onone";
			};
			name = Debug;
		};
		2A0F6EA32CA00FDC00BF22F4 /* Release */ = {
			isa = XCBuildConfiguration;
			buildSettings = {
				ALWAYS_SEARCH_USER_PATHS = NO;
				ASSETCATALOG_COMPILER_GENERATE_SWIFT_ASSET_SYMBOL_EXTENSIONS = YES;
				CLANG_ANALYZER_NONNULL = YES;
				CLANG_ANALYZER_NUMBER_OBJECT_CONVERSION = YES_AGGRESSIVE;
				CLANG_CXX_LANGUAGE_STANDARD = "gnu++20";
				CLANG_ENABLE_MODULES = YES;
				CLANG_ENABLE_OBJC_ARC = YES;
				CLANG_ENABLE_OBJC_WEAK = YES;
				CLANG_WARN_BLOCK_CAPTURE_AUTORELEASING = YES;
				CLANG_WARN_BOOL_CONVERSION = YES;
				CLANG_WARN_COMMA = YES;
				CLANG_WARN_CONSTANT_CONVERSION = YES;
				CLANG_WARN_DEPRECATED_OBJC_IMPLEMENTATIONS = YES;
				CLANG_WARN_DIRECT_OBJC_ISA_USAGE = YES_ERROR;
				CLANG_WARN_DOCUMENTATION_COMMENTS = YES;
				CLANG_WARN_EMPTY_BODY = YES;
				CLANG_WARN_ENUM_CONVERSION = YES;
				CLANG_WARN_INFINITE_RECURSION = YES;
				CLANG_WARN_INT_CONVERSION = YES;
				CLANG_WARN_NON_LITERAL_NULL_CONVERSION = YES;
				CLANG_WARN_OBJC_IMPLICIT_RETAIN_SELF = YES;
				CLANG_WARN_OBJC_LITERAL_CONVERSION = YES;
				CLANG_WARN_OBJC_ROOT_CLASS = YES_ERROR;
				CLANG_WARN_QUOTED_INCLUDE_IN_FRAMEWORK_HEADER = YES;
				CLANG_WARN_RANGE_LOOP_ANALYSIS = YES;
				CLANG_WARN_STRICT_PROTOTYPES = YES;
				CLANG_WARN_SUSPICIOUS_MOVE = YES;
				CLANG_WARN_UNGUARDED_AVAILABILITY = YES_AGGRESSIVE;
				CLANG_WARN_UNREACHABLE_CODE = YES;
				CLANG_WARN__DUPLICATE_METHOD_MATCH = YES;
				COPY_PHASE_STRIP = NO;
				DEBUG_INFORMATION_FORMAT = "dwarf-with-dsym";
				ENABLE_NS_ASSERTIONS = NO;
				ENABLE_STRICT_OBJC_MSGSEND = YES;
				ENABLE_USER_SCRIPT_SANDBOXING = YES;
				GCC_C_LANGUAGE_STANDARD = gnu17;
				GCC_NO_COMMON_BLOCKS = YES;
				GCC_WARN_64_TO_32_BIT_CONVERSION = YES;
				GCC_WARN_ABOUT_RETURN_TYPE = YES_ERROR;
				GCC_WARN_UNDECLARED_SELECTOR = YES;
				GCC_WARN_UNINITIALIZED_AUTOS = YES_AGGRESSIVE;
				GCC_WARN_UNUSED_FUNCTION = YES;
				GCC_WARN_UNUSED_VARIABLE = YES;
				IPHONEOS_DEPLOYMENT_TARGET = 17.5;
				LOCALIZATION_PREFERS_STRING_CATALOGS = YES;
				MTL_ENABLE_DEBUG_INFO = NO;
				MTL_FAST_MATH = YES;
				SDKROOT = iphoneos;
				SWIFT_COMPILATION_MODE = wholemodule;
				VALIDATE_PRODUCT = YES;
			};
			name = Release;
		};
		2A0F6EA52CA00FDC00BF22F4 /* Debug */ = {
			isa = XCBuildConfiguration;
			buildSettings = {
				ASSETCATALOG_COMPILER_APPICON_NAME = AppIcon;
				ASSETCATALOG_COMPILER_GLOBAL_ACCENT_COLOR_NAME = AccentColor;
				CODE_SIGN_STYLE = Automatic;
				CURRENT_PROJECT_VERSION = 1;
				DEVELOPMENT_ASSET_PATHS = "\"ios-stonedge-app/Preview Content\"";
				DEVELOPMENT_TEAM = EKM4K54R7P;
				ENABLE_PREVIEWS = YES;
				GENERATE_INFOPLIST_FILE = YES;
				INFOPLIST_KEY_UIApplicationSceneManifest_Generation = YES;
				INFOPLIST_KEY_UIApplicationSupportsIndirectInputEvents = YES;
				INFOPLIST_KEY_UILaunchScreen_Generation = YES;
				INFOPLIST_KEY_UISupportedInterfaceOrientations_iPad = "UIInterfaceOrientationPortrait UIInterfaceOrientationPortraitUpsideDown UIInterfaceOrientationLandscapeLeft UIInterfaceOrientationLandscapeRight";
				INFOPLIST_KEY_UISupportedInterfaceOrientations_iPhone = "UIInterfaceOrientationPortrait UIInterfaceOrientationLandscapeLeft UIInterfaceOrientationLandscapeRight";
				LD_RUNPATH_SEARCH_PATHS = (
					"$(inherited)",
					"@executable_path/Frameworks",
				);
				MARKETING_VERSION = 1.0;
				PRODUCT_BUNDLE_IDENTIFIER = "com.ogamita.games.ios-stonedge-app";
				PRODUCT_NAME = "$(TARGET_NAME)";
				SWIFT_EMIT_LOC_STRINGS = YES;
				SWIFT_VERSION = 5.0;
				TARGETED_DEVICE_FAMILY = "1,2";
			};
			name = Debug;
		};
		2A0F6EA62CA00FDC00BF22F4 /* Release */ = {
			isa = XCBuildConfiguration;
			buildSettings = {
				ASSETCATALOG_COMPILER_APPICON_NAME = AppIcon;
				ASSETCATALOG_COMPILER_GLOBAL_ACCENT_COLOR_NAME = AccentColor;
				CODE_SIGN_STYLE = Automatic;
				CURRENT_PROJECT_VERSION = 1;
				DEVELOPMENT_ASSET_PATHS = "\"ios-stonedge-app/Preview Content\"";
				DEVELOPMENT_TEAM = EKM4K54R7P;
				ENABLE_PREVIEWS = YES;
				GENERATE_INFOPLIST_FILE = YES;
				INFOPLIST_KEY_UIApplicationSceneManifest_Generation = YES;
				INFOPLIST_KEY_UIApplicationSupportsIndirectInputEvents = YES;
				INFOPLIST_KEY_UILaunchScreen_Generation = YES;
				INFOPLIST_KEY_UISupportedInterfaceOrientations_iPad = "UIInterfaceOrientationPortrait UIInterfaceOrientationPortraitUpsideDown UIInterfaceOrientationLandscapeLeft UIInterfaceOrientationLandscapeRight";
				INFOPLIST_KEY_UISupportedInterfaceOrientations_iPhone = "UIInterfaceOrientationPortrait UIInterfaceOrientationLandscapeLeft UIInterfaceOrientationLandscapeRight";
				LD_RUNPATH_SEARCH_PATHS = (
					"$(inherited)",
					"@executable_path/Frameworks",
				);
				MARKETING_VERSION = 1.0;
				PRODUCT_BUNDLE_IDENTIFIER = "com.ogamita.games.ios-stonedge-app";
				PRODUCT_NAME = "$(TARGET_NAME)";
				SWIFT_EMIT_LOC_STRINGS = YES;
				SWIFT_VERSION = 5.0;
				TARGETED_DEVICE_FAMILY = "1,2";
			};
			name = Release;
		};
		2A0F6EA82CA00FDC00BF22F4 /* Debug */ = {
			isa = XCBuildConfiguration;
			buildSettings = {
				ALWAYS_EMBED_SWIFT_STANDARD_LIBRARIES = YES;
				BUNDLE_LOADER = "$(TEST_HOST)";
				CODE_SIGN_STYLE = Automatic;
				CURRENT_PROJECT_VERSION = 1;
				DEVELOPMENT_TEAM = EKM4K54R7P;
				GENERATE_INFOPLIST_FILE = YES;
				IPHONEOS_DEPLOYMENT_TARGET = 17.5;
				MARKETING_VERSION = 1.0;
				PRODUCT_BUNDLE_IDENTIFIER = "com.ogamita.games.ios-stonedge-appTests";
				PRODUCT_NAME = "$(TARGET_NAME)";
				SWIFT_EMIT_LOC_STRINGS = NO;
				SWIFT_VERSION = 5.0;
				TARGETED_DEVICE_FAMILY = "1,2";
				TEST_HOST = "$(BUILT_PRODUCTS_DIR)/ios-stonedge-app.app/$(BUNDLE_EXECUTABLE_FOLDER_PATH)/ios-stonedge-app";
			};
			name = Debug;
		};
		2A0F6EA92CA00FDC00BF22F4 /* Release */ = {
			isa = XCBuildConfiguration;
			buildSettings = {
				ALWAYS_EMBED_SWIFT_STANDARD_LIBRARIES = YES;
				BUNDLE_LOADER = "$(TEST_HOST)";
				CODE_SIGN_STYLE = Automatic;
				CURRENT_PROJECT_VERSION = 1;
				DEVELOPMENT_TEAM = EKM4K54R7P;
				GENERATE_INFOPLIST_FILE = YES;
				IPHONEOS_DEPLOYMENT_TARGET = 17.5;
				MARKETING_VERSION = 1.0;
				PRODUCT_BUNDLE_IDENTIFIER = "com.ogamita.games.ios-stonedge-appTests";
				PRODUCT_NAME = "$(TARGET_NAME)";
				SWIFT_EMIT_LOC_STRINGS = NO;
				SWIFT_VERSION = 5.0;
				TARGETED_DEVICE_FAMILY = "1,2";
				TEST_HOST = "$(BUILT_PRODUCTS_DIR)/ios-stonedge-app.app/$(BUNDLE_EXECUTABLE_FOLDER_PATH)/ios-stonedge-app";
			};
			name = Release;
		};
		2A0F6EAB2CA00FDC00BF22F4 /* Debug */ = {
			isa = XCBuildConfiguration;
			buildSettings = {
				ALWAYS_EMBED_SWIFT_STANDARD_LIBRARIES = YES;
				CODE_SIGN_STYLE = Automatic;
				CURRENT_PROJECT_VERSION = 1;
				DEVELOPMENT_TEAM = EKM4K54R7P;
				GENERATE_INFOPLIST_FILE = YES;
				MARKETING_VERSION = 1.0;
				PRODUCT_BUNDLE_IDENTIFIER = "com.ogamita.games.ios-stonedge-appUITests";
				PRODUCT_NAME = "$(TARGET_NAME)";
				SWIFT_EMIT_LOC_STRINGS = NO;
				SWIFT_VERSION = 5.0;
				TARGETED_DEVICE_FAMILY = "1,2";
				TEST_TARGET_NAME = "ios-stonedge-app";
			};
			name = Debug;
		};
		2A0F6EAC2CA00FDC00BF22F4 /* Release */ = {
			isa = XCBuildConfiguration;
			buildSettings = {
				ALWAYS_EMBED_SWIFT_STANDARD_LIBRARIES = YES;
				CODE_SIGN_STYLE = Automatic;
				CURRENT_PROJECT_VERSION = 1;
				DEVELOPMENT_TEAM = EKM4K54R7P;
				GENERATE_INFOPLIST_FILE = YES;
				MARKETING_VERSION = 1.0;
				PRODUCT_BUNDLE_IDENTIFIER = "com.ogamita.games.ios-stonedge-appUITests";
				PRODUCT_NAME = "$(TARGET_NAME)";
				SWIFT_EMIT_LOC_STRINGS = NO;
				SWIFT_VERSION = 5.0;
				TARGETED_DEVICE_FAMILY = "1,2";
				TEST_TARGET_NAME = "ios-stonedge-app";
			};
			name = Release;
		};
/* End XCBuildConfiguration section */

/* Begin XCConfigurationList section */
		2A0F6E7B2CA00FDB00BF22F4 /* Build configuration list for PBXProject "ios-stonedge-app" */ = {
			isa = XCConfigurationList;
			buildConfigurations = (
				2A0F6EA22CA00FDC00BF22F4 /* Debug */,
				2A0F6EA32CA00FDC00BF22F4 /* Release */,
			);
			defaultConfigurationIsVisible = 0;
			defaultConfigurationName = Release;
		};
		2A0F6EA42CA00FDC00BF22F4 /* Build configuration list for PBXNativeTarget "ios-stonedge-app" */ = {
			isa = XCConfigurationList;
			buildConfigurations = (
				2A0F6EA52CA00FDC00BF22F4 /* Debug */,
				2A0F6EA62CA00FDC00BF22F4 /* Release */,
			);
			defaultConfigurationIsVisible = 0;
			defaultConfigurationName = Release;
		};
		2A0F6EA72CA00FDC00BF22F4 /* Build configuration list for PBXNativeTarget "ios-stonedge-appTests" */ = {
			isa = XCConfigurationList;
			buildConfigurations = (
				2A0F6EA82CA00FDC00BF22F4 /* Debug */,
				2A0F6EA92CA00FDC00BF22F4 /* Release */,
			);
			defaultConfigurationIsVisible = 0;
			defaultConfigurationName = Release;
		};
		2A0F6EAA2CA00FDC00BF22F4 /* Build configuration list for PBXNativeTarget "ios-stonedge-appUITests" */ = {
			isa = XCConfigurationList;
			buildConfigurations = (
				2A0F6EAB2CA00FDC00BF22F4 /* Debug */,
				2A0F6EAC2CA00FDC00BF22F4 /* Release */,
			);
			defaultConfigurationIsVisible = 0;
			defaultConfigurationName = Release;
		};
/* End XCConfigurationList section */
	};
	rootObject = 2A0F6E782CA00FDB00BF22F4 /* Project object */;
}
