// !$*UTF8*$!
{
	archiveVersion = 1;
	classes = {
	};
	objectVersion = 56;
	objects = {

/* Begin PBXBuildFile section */
		2A0F6EBA2CA0102A00BF22F4 /* macos_stonedge_level_explorerApp.swift in Sources */ = {isa = PBXBuildFile; fileRef = 2A0F6EB92CA0102A00BF22F4 /* macos_stonedge_level_explorerApp.swift */; };
		2A0F6EBC2CA0102A00BF22F4 /* ExpContentView.swift in Sources */ = {isa = PBXBuildFile; fileRef = 2A0F6EBB2CA0102A00BF22F4 /* ExpContentView.swift */; };
		2A0F6EBE2CA0102A00BF22F4 /* Assets.xcassets in Resources */ = {isa = PBXBuildFile; fileRef = 2A0F6EBD2CA0102A00BF22F4 /* Assets.xcassets */; };
		2A0F6EC12CA0102A00BF22F4 /* Preview Assets.xcassets in Resources */ = {isa = PBXBuildFile; fileRef = 2A0F6EC02CA0102A00BF22F4 /* Preview Assets.xcassets */; };
		2A0F6ECC2CA0102B00BF22F4 /* macos_stonedge_level_explorerTests.swift in Sources */ = {isa = PBXBuildFile; fileRef = 2A0F6ECB2CA0102B00BF22F4 /* macos_stonedge_level_explorerTests.swift */; };
		2A0F6ED62CA0102B00BF22F4 /* macos_stonedge_level_explorerUITests.swift in Sources */ = {isa = PBXBuildFile; fileRef = 2A0F6ED52CA0102B00BF22F4 /* macos_stonedge_level_explorerUITests.swift */; };
		2A0F6ED82CA0102B00BF22F4 /* macos_stonedge_level_explorerUITestsLaunchTests.swift in Sources */ = {isa = PBXBuildFile; fileRef = 2A0F6ED72CA0102B00BF22F4 /* macos_stonedge_level_explorerUITestsLaunchTests.swift */; };
		2A53F6D22EAB894100212FD6 /* NewLevels.swift in Sources */ = {isa = PBXBuildFile; fileRef = 2A53F6CA2EAB894100212FD6 /* NewLevels.swift */; };
		2A53F6D32EAB894100212FD6 /* Game.swift in Sources */ = {isa = PBXBuildFile; fileRef = 2A53F6C72EAB894100212FD6 /* Game.swift */; };
		2A53F6D42EAB894100212FD6 /* UserView.swift in Sources */ = {isa = PBXBuildFile; fileRef = 2A53F6D02EAB894100212FD6 /* UserView.swift */; };
		2A53F6D52EAB894100212FD6 /* BoardView.swift in Sources */ = {isa = PBXBuildFile; fileRef = 2A53F6C52EAB894100212FD6 /* BoardView.swift */; };
		2A53F6D62EAB894100212FD6 /* Levels.swift in Sources */ = {isa = PBXBuildFile; fileRef = 2A53F6C92EAB894100212FD6 /* Levels.swift */; };
		2A53F6D72EAB894100212FD6 /* StoneView.swift in Sources */ = {isa = PBXBuildFile; fileRef = 2A53F6CE2EAB894100212FD6 /* StoneView.swift */; };
		2A53F6D82EAB894100212FD6 /* ViewGlobals.swift in Sources */ = {isa = PBXBuildFile; fileRef = 2A53F6D12EAB894100212FD6 /* ViewGlobals.swift */; };
		2A53F6D92EAB894100212FD6 /* User.swift in Sources */ = {isa = PBXBuildFile; fileRef = 2A53F6CF2EAB894100212FD6 /* User.swift */; };
		2A53F6DA2EAB894100212FD6 /* StonedgeGameView.swift in Sources */ = {isa = PBXBuildFile; fileRef = 2A53F6CD2EAB894100212FD6 /* StonedgeGameView.swift */; };
		2A53F6DB2EAB894100212FD6 /* GameParser.swift in Sources */ = {isa = PBXBuildFile; fileRef = 2A53F6C82EAB894100212FD6 /* GameParser.swift */; };
		2A53F6DC2EAB894100212FD6 /* Stone.swift in Sources */ = {isa = PBXBuildFile; fileRef = 2A53F6CB2EAB894100212FD6 /* Stone.swift */; };
		2A53F6DD2EAB894100212FD6 /* Cell.swift in Sources */ = {isa = PBXBuildFile; fileRef = 2A53F6C62EAB894100212FD6 /* Cell.swift */; };
		2A53F6DE2EAB894100212FD6 /* NewLevels.swift in Sources */ = {isa = PBXBuildFile; fileRef = 2A53F6CA2EAB894100212FD6 /* NewLevels.swift */; };
		2A53F6DF2EAB894100212FD6 /* Game.swift in Sources */ = {isa = PBXBuildFile; fileRef = 2A53F6C72EAB894100212FD6 /* Game.swift */; };
		2A53F6E02EAB894100212FD6 /* UserView.swift in Sources */ = {isa = PBXBuildFile; fileRef = 2A53F6D02EAB894100212FD6 /* UserView.swift */; };
		2A53F6E12EAB894100212FD6 /* BoardView.swift in Sources */ = {isa = PBXBuildFile; fileRef = 2A53F6C52EAB894100212FD6 /* BoardView.swift */; };
		2A53F6E22EAB894100212FD6 /* Levels.swift in Sources */ = {isa = PBXBuildFile; fileRef = 2A53F6C92EAB894100212FD6 /* Levels.swift */; };
		2A53F6E32EAB894100212FD6 /* StoneView.swift in Sources */ = {isa = PBXBuildFile; fileRef = 2A53F6CE2EAB894100212FD6 /* StoneView.swift */; };
		2A53F6E42EAB894100212FD6 /* ViewGlobals.swift in Sources */ = {isa = PBXBuildFile; fileRef = 2A53F6D12EAB894100212FD6 /* ViewGlobals.swift */; };
		2A53F6E52EAB894100212FD6 /* User.swift in Sources */ = {isa = PBXBuildFile; fileRef = 2A53F6CF2EAB894100212FD6 /* User.swift */; };
		2A53F6E62EAB894100212FD6 /* StonedgeGameView.swift in Sources */ = {isa = PBXBuildFile; fileRef = 2A53F6CD2EAB894100212FD6 /* StonedgeGameView.swift */; };
		2A53F6E72EAB894100212FD6 /* GameParser.swift in Sources */ = {isa = PBXBuildFile; fileRef = 2A53F6C82EAB894100212FD6 /* GameParser.swift */; };
		2A53F6E82EAB894100212FD6 /* Stone.swift in Sources */ = {isa = PBXBuildFile; fileRef = 2A53F6CB2EAB894100212FD6 /* Stone.swift */; };
		2A53F6E92EAB894100212FD6 /* Cell.swift in Sources */ = {isa = PBXBuildFile; fileRef = 2A53F6C62EAB894100212FD6 /* Cell.swift */; };
		2A53F6EA2EAB894100212FD6 /* NewLevels.swift in Sources */ = {isa = PBXBuildFile; fileRef = 2A53F6CA2EAB894100212FD6 /* NewLevels.swift */; };
		2A53F6EB2EAB894100212FD6 /* Game.swift in Sources */ = {isa = PBXBuildFile; fileRef = 2A53F6C72EAB894100212FD6 /* Game.swift */; };
		2A53F6EC2EAB894100212FD6 /* UserView.swift in Sources */ = {isa = PBXBuildFile; fileRef = 2A53F6D02EAB894100212FD6 /* UserView.swift */; };
		2A53F6ED2EAB894100212FD6 /* BoardView.swift in Sources */ = {isa = PBXBuildFile; fileRef = 2A53F6C52EAB894100212FD6 /* BoardView.swift */; };
		2A53F6EE2EAB894100212FD6 /* Levels.swift in Sources */ = {isa = PBXBuildFile; fileRef = 2A53F6C92EAB894100212FD6 /* Levels.swift */; };
		2A53F6EF2EAB894100212FD6 /* StoneView.swift in Sources */ = {isa = PBXBuildFile; fileRef = 2A53F6CE2EAB894100212FD6 /* StoneView.swift */; };
		2A53F6F02EAB894100212FD6 /* ViewGlobals.swift in Sources */ = {isa = PBXBuildFile; fileRef = 2A53F6D12EAB894100212FD6 /* ViewGlobals.swift */; };
		2A53F6F12EAB894100212FD6 /* User.swift in Sources */ = {isa = PBXBuildFile; fileRef = 2A53F6CF2EAB894100212FD6 /* User.swift */; };
		2A53F6F22EAB894100212FD6 /* StonedgeGameView.swift in Sources */ = {isa = PBXBuildFile; fileRef = 2A53F6CD2EAB894100212FD6 /* StonedgeGameView.swift */; };
		2A53F6F32EAB894100212FD6 /* GameParser.swift in Sources */ = {isa = PBXBuildFile; fileRef = 2A53F6C82EAB894100212FD6 /* GameParser.swift */; };
		2A53F6F42EAB894100212FD6 /* Stone.swift in Sources */ = {isa = PBXBuildFile; fileRef = 2A53F6CB2EAB894100212FD6 /* Stone.swift */; };
		2A53F6F52EAB894100212FD6 /* Cell.swift in Sources */ = {isa = PBXBuildFile; fileRef = 2A53F6C62EAB894100212FD6 /* Cell.swift */; };
		2A53F6F72EAB89AF00212FD6 /* ContentView.swift in Sources */ = {isa = PBXBuildFile; fileRef = 2A53F6F62EAB89AF00212FD6 /* ContentView.swift */; };
		2A53F6F82EAB89AF00212FD6 /* ContentView.swift in Sources */ = {isa = PBXBuildFile; fileRef = 2A53F6F62EAB89AF00212FD6 /* ContentView.swift */; };
		2A53F6F92EAB89AF00212FD6 /* ContentView.swift in Sources */ = {isa = PBXBuildFile; fileRef = 2A53F6F62EAB89AF00212FD6 /* ContentView.swift */; };
		2A53F6FB2EAB8A1B00212FD6 /* KeyEventHandlingView.swift in Sources */ = {isa = PBXBuildFile; fileRef = 2A53F6FA2EAB8A1B00212FD6 /* KeyEventHandlingView.swift */; };
		2A53F6FC2EAB8A1B00212FD6 /* KeyEventHandlingView.swift in Sources */ = {isa = PBXBuildFile; fileRef = 2A53F6FA2EAB8A1B00212FD6 /* KeyEventHandlingView.swift */; };
		2A53F6FD2EAB8A1B00212FD6 /* KeyEventHandlingView.swift in Sources */ = {isa = PBXBuildFile; fileRef = 2A53F6FA2EAB8A1B00212FD6 /* KeyEventHandlingView.swift */; };
/* End PBXBuildFile section */

/* Begin PBXContainerItemProxy section */
		2A0F6EC82CA0102B00BF22F4 /* PBXContainerItemProxy */ = {
			isa = PBXContainerItemProxy;
			containerPortal = 2A0F6EAE2CA0102A00BF22F4 /* Project object */;
			proxyType = 1;
			remoteGlobalIDString = 2A0F6EB52CA0102A00BF22F4;
			remoteInfo = "macos-stonedge-level-explorer";
		};
		2A0F6ED22CA0102B00BF22F4 /* PBXContainerItemProxy */ = {
			isa = PBXContainerItemProxy;
			containerPortal = 2A0F6EAE2CA0102A00BF22F4 /* Project object */;
			proxyType = 1;
			remoteGlobalIDString = 2A0F6EB52CA0102A00BF22F4;
			remoteInfo = "macos-stonedge-level-explorer";
		};
/* End PBXContainerItemProxy section */

/* Begin PBXFileReference section */
		2A0F6EB62CA0102A00BF22F4 /* macos-stonedge-level-explorer.app */ = {isa = PBXFileReference; explicitFileType = wrapper.application; includeInIndex = 0; path = "macos-stonedge-level-explorer.app"; sourceTree = BUILT_PRODUCTS_DIR; };
		2A0F6EB92CA0102A00BF22F4 /* macos_stonedge_level_explorerApp.swift */ = {isa = PBXFileReference; lastKnownFileType = sourcecode.swift; path = macos_stonedge_level_explorerApp.swift; sourceTree = "<group>"; };
		2A0F6EBB2CA0102A00BF22F4 /* ExpContentView.swift */ = {isa = PBXFileReference; lastKnownFileType = sourcecode.swift; path = ExpContentView.swift; sourceTree = "<group>"; };
		2A0F6EBD2CA0102A00BF22F4 /* Assets.xcassets */ = {isa = PBXFileReference; lastKnownFileType = folder.assetcatalog; path = Assets.xcassets; sourceTree = "<group>"; };
		2A0F6EC02CA0102A00BF22F4 /* Preview Assets.xcassets */ = {isa = PBXFileReference; lastKnownFileType = folder.assetcatalog; path = "Preview Assets.xcassets"; sourceTree = "<group>"; };
		2A0F6EC22CA0102A00BF22F4 /* macos_stonedge_level_explorer.entitlements */ = {isa = PBXFileReference; lastKnownFileType = text.plist.entitlements; path = macos_stonedge_level_explorer.entitlements; sourceTree = "<group>"; };
		2A0F6EC72CA0102B00BF22F4 /* macos-stonedge-level-explorerTests.xctest */ = {isa = PBXFileReference; explicitFileType = wrapper.cfbundle; includeInIndex = 0; path = "macos-stonedge-level-explorerTests.xctest"; sourceTree = BUILT_PRODUCTS_DIR; };
		2A0F6ECB2CA0102B00BF22F4 /* macos_stonedge_level_explorerTests.swift */ = {isa = PBXFileReference; lastKnownFileType = sourcecode.swift; path = macos_stonedge_level_explorerTests.swift; sourceTree = "<group>"; };
		2A0F6ED12CA0102B00BF22F4 /* macos-stonedge-level-explorerUITests.xctest */ = {isa = PBXFileReference; explicitFileType = wrapper.cfbundle; includeInIndex = 0; path = "macos-stonedge-level-explorerUITests.xctest"; sourceTree = BUILT_PRODUCTS_DIR; };
		2A0F6ED52CA0102B00BF22F4 /* macos_stonedge_level_explorerUITests.swift */ = {isa = PBXFileReference; lastKnownFileType = sourcecode.swift; path = macos_stonedge_level_explorerUITests.swift; sourceTree = "<group>"; };
		2A0F6ED72CA0102B00BF22F4 /* macos_stonedge_level_explorerUITestsLaunchTests.swift */ = {isa = PBXFileReference; lastKnownFileType = sourcecode.swift; path = macos_stonedge_level_explorerUITestsLaunchTests.swift; sourceTree = "<group>"; };
		2A53F6C52EAB894100212FD6 /* BoardView.swift */ = {isa = PBXFileReference; lastKnownFileType = sourcecode.swift; name = BoardView.swift; path = ../sources/BoardView.swift; sourceTree = SOURCE_ROOT; };
		2A53F6C62EAB894100212FD6 /* Cell.swift */ = {isa = PBXFileReference; lastKnownFileType = sourcecode.swift; name = Cell.swift; path = ../sources/Cell.swift; sourceTree = SOURCE_ROOT; };
		2A53F6C72EAB894100212FD6 /* Game.swift */ = {isa = PBXFileReference; lastKnownFileType = sourcecode.swift; name = Game.swift; path = ../sources/Game.swift; sourceTree = SOURCE_ROOT; };
		2A53F6C82EAB894100212FD6 /* GameParser.swift */ = {isa = PBXFileReference; lastKnownFileType = sourcecode.swift; name = GameParser.swift; path = ../sources/GameParser.swift; sourceTree = SOURCE_ROOT; };
		2A53F6C92EAB894100212FD6 /* Levels.swift */ = {isa = PBXFileReference; lastKnownFileType = sourcecode.swift; name = Levels.swift; path = ../sources/Levels.swift; sourceTree = SOURCE_ROOT; };
		2A53F6CA2EAB894100212FD6 /* NewLevels.swift */ = {isa = PBXFileReference; lastKnownFileType = sourcecode.swift; name = NewLevels.swift; path = ../sources/NewLevels.swift; sourceTree = SOURCE_ROOT; };
		2A53F6CB2EAB894100212FD6 /* Stone.swift */ = {isa = PBXFileReference; lastKnownFileType = sourcecode.swift; name = Stone.swift; path = ../sources/Stone.swift; sourceTree = SOURCE_ROOT; };
		2A53F6CC2EAB894100212FD6 /* stonedge.entitlements */ = {isa = PBXFileReference; lastKnownFileType = text.plist.entitlements; name = stonedge.entitlements; path = ../sources/stonedge.entitlements; sourceTree = SOURCE_ROOT; };
		2A53F6CD2EAB894100212FD6 /* StonedgeGameView.swift */ = {isa = PBXFileReference; lastKnownFileType = sourcecode.swift; name = StonedgeGameView.swift; path = ../sources/StonedgeGameView.swift; sourceTree = SOURCE_ROOT; };
		2A53F6CE2EAB894100212FD6 /* StoneView.swift */ = {isa = PBXFileReference; lastKnownFileType = sourcecode.swift; name = StoneView.swift; path = ../sources/StoneView.swift; sourceTree = SOURCE_ROOT; };
		2A53F6CF2EAB894100212FD6 /* User.swift */ = {isa = PBXFileReference; lastKnownFileType = sourcecode.swift; name = User.swift; path = ../sources/User.swift; sourceTree = SOURCE_ROOT; };
		2A53F6D02EAB894100212FD6 /* UserView.swift */ = {isa = PBXFileReference; lastKnownFileType = sourcecode.swift; name = UserView.swift; path = ../sources/UserView.swift; sourceTree = SOURCE_ROOT; };
		2A53F6D12EAB894100212FD6 /* ViewGlobals.swift */ = {isa = PBXFileReference; lastKnownFileType = sourcecode.swift; name = ViewGlobals.swift; path = ../sources/ViewGlobals.swift; sourceTree = SOURCE_ROOT; };
		2A53F6F62EAB89AF00212FD6 /* ContentView.swift */ = {isa = PBXFileReference; lastKnownFileType = sourcecode.swift; name = ContentView.swift; path = "../macos-stonedge-app/macos-stonedge-app/ContentView.swift"; sourceTree = SOURCE_ROOT; };
		2A53F6FA2EAB8A1B00212FD6 /* KeyEventHandlingView.swift */ = {isa = PBXFileReference; lastKnownFileType = sourcecode.swift; name = KeyEventHandlingView.swift; path = "../macos-stonedge-app/macos-stonedge-app/KeyEventHandlingView.swift"; sourceTree = SOURCE_ROOT; };
/* End PBXFileReference section */

/* Begin PBXFrameworksBuildPhase section */
		2A0F6EB32CA0102A00BF22F4 /* Frameworks */ = {
			isa = PBXFrameworksBuildPhase;
			buildActionMask = 2147483647;
			files = (
			);
			runOnlyForDeploymentPostprocessing = 0;
		};
		2A0F6EC42CA0102B00BF22F4 /* Frameworks */ = {
			isa = PBXFrameworksBuildPhase;
			buildActionMask = 2147483647;
			files = (
			);
			runOnlyForDeploymentPostprocessing = 0;
		};
		2A0F6ECE2CA0102B00BF22F4 /* Frameworks */ = {
			isa = PBXFrameworksBuildPhase;
			buildActionMask = 2147483647;
			files = (
			);
			runOnlyForDeploymentPostprocessing = 0;
		};
/* End PBXFrameworksBuildPhase section */

/* Begin PBXGroup section */
		2A0F6EAD2CA0102A00BF22F4 = {
			isa = PBXGroup;
			children = (
				2A0F6EB82CA0102A00BF22F4 /* macos-stonedge-level-explorer */,
				2A0F6ECA2CA0102B00BF22F4 /* macos-stonedge-level-explorerTests */,
				2A0F6ED42CA0102B00BF22F4 /* macos-stonedge-level-explorerUITests */,
				2A0F6EB72CA0102A00BF22F4 /* Products */,
			);
			sourceTree = "<group>";
		};
		2A0F6EB72CA0102A00BF22F4 /* Products */ = {
			isa = PBXGroup;
			children = (
				2A0F6EB62CA0102A00BF22F4 /* macos-stonedge-level-explorer.app */,
				2A0F6EC72CA0102B00BF22F4 /* macos-stonedge-level-explorerTests.xctest */,
				2A0F6ED12CA0102B00BF22F4 /* macos-stonedge-level-explorerUITests.xctest */,
			);
			name = Products;
			sourceTree = "<group>";
		};
		2A0F6EB82CA0102A00BF22F4 /* macos-stonedge-level-explorer */ = {
			isa = PBXGroup;
			children = (
				2A53F6FA2EAB8A1B00212FD6 /* KeyEventHandlingView.swift */,
				2A53F6F62EAB89AF00212FD6 /* ContentView.swift */,
				2A53F6C42EAB890D00212FD6 /* Sources */,
				2A0F6EB92CA0102A00BF22F4 /* macos_stonedge_level_explorerApp.swift */,
				2A0F6EBB2CA0102A00BF22F4 /* ExpContentView.swift */,
				2A0F6EBD2CA0102A00BF22F4 /* Assets.xcassets */,
				2A0F6EC22CA0102A00BF22F4 /* macos_stonedge_level_explorer.entitlements */,
				2A0F6EBF2CA0102A00BF22F4 /* Preview Content */,
			);
			path = "macos-stonedge-level-explorer";
			sourceTree = "<group>";
		};
		2A0F6EBF2CA0102A00BF22F4 /* Preview Content */ = {
			isa = PBXGroup;
			children = (
				2A0F6EC02CA0102A00BF22F4 /* Preview Assets.xcassets */,
			);
			path = "Preview Content";
			sourceTree = "<group>";
		};
		2A0F6ECA2CA0102B00BF22F4 /* macos-stonedge-level-explorerTests */ = {
			isa = PBXGroup;
			children = (
				2A0F6ECB2CA0102B00BF22F4 /* macos_stonedge_level_explorerTests.swift */,
			);
			path = "macos-stonedge-level-explorerTests";
			sourceTree = "<group>";
		};
		2A0F6ED42CA0102B00BF22F4 /* macos-stonedge-level-explorerUITests */ = {
			isa = PBXGroup;
			children = (
				2A0F6ED52CA0102B00BF22F4 /* macos_stonedge_level_explorerUITests.swift */,
				2A0F6ED72CA0102B00BF22F4 /* macos_stonedge_level_explorerUITestsLaunchTests.swift */,
			);
			path = "macos-stonedge-level-explorerUITests";
			sourceTree = "<group>";
		};
		2A53F6C42EAB890D00212FD6 /* Sources */ = {
			isa = PBXGroup;
			children = (
				2A53F6C52EAB894100212FD6 /* BoardView.swift */,
				2A53F6C62EAB894100212FD6 /* Cell.swift */,
				2A53F6C72EAB894100212FD6 /* Game.swift */,
				2A53F6C82EAB894100212FD6 /* GameParser.swift */,
				2A53F6C92EAB894100212FD6 /* Levels.swift */,
				2A53F6CA2EAB894100212FD6 /* NewLevels.swift */,
				2A53F6CB2EAB894100212FD6 /* Stone.swift */,
				2A53F6CC2EAB894100212FD6 /* stonedge.entitlements */,
				2A53F6CD2EAB894100212FD6 /* StonedgeGameView.swift */,
				2A53F6CE2EAB894100212FD6 /* StoneView.swift */,
				2A53F6CF2EAB894100212FD6 /* User.swift */,
				2A53F6D02EAB894100212FD6 /* UserView.swift */,
				2A53F6D12EAB894100212FD6 /* ViewGlobals.swift */,
			);
			path = Sources;
			sourceTree = "<group>";
		};
/* End PBXGroup section */

/* Begin PBXNativeTarget section */
		2A0F6EB52CA0102A00BF22F4 /* macos-stonedge-level-explorer */ = {
			isa = PBXNativeTarget;
			buildConfigurationList = 2A0F6EDB2CA0102B00BF22F4 /* Build configuration list for PBXNativeTarget "macos-stonedge-level-explorer" */;
			buildPhases = (
				2A0F6EB22CA0102A00BF22F4 /* Sources */,
				2A0F6EB32CA0102A00BF22F4 /* Frameworks */,
				2A0F6EB42CA0102A00BF22F4 /* Resources */,
			);
			buildRules = (
			);
			dependencies = (
			);
			name = "macos-stonedge-level-explorer";
			productName = "macos-stonedge-level-explorer";
			productReference = 2A0F6EB62CA0102A00BF22F4 /* macos-stonedge-level-explorer.app */;
			productType = "com.apple.product-type.application";
		};
		2A0F6EC62CA0102B00BF22F4 /* macos-stonedge-level-explorerTests */ = {
			isa = PBXNativeTarget;
			buildConfigurationList = 2A0F6EDE2CA0102B00BF22F4 /* Build configuration list for PBXNativeTarget "macos-stonedge-level-explorerTests" */;
			buildPhases = (
				2A0F6EC32CA0102B00BF22F4 /* Sources */,
				2A0F6EC42CA0102B00BF22F4 /* Frameworks */,
				2A0F6EC52CA0102B00BF22F4 /* Resources */,
			);
			buildRules = (
			);
			dependencies = (
				2A0F6EC92CA0102B00BF22F4 /* PBXTargetDependency */,
			);
			name = "macos-stonedge-level-explorerTests";
			productName = "macos-stonedge-level-explorerTests";
			productReference = 2A0F6EC72CA0102B00BF22F4 /* macos-stonedge-level-explorerTests.xctest */;
			productType = "com.apple.product-type.bundle.unit-test";
		};
		2A0F6ED02CA0102B00BF22F4 /* macos-stonedge-level-explorerUITests */ = {
			isa = PBXNativeTarget;
			buildConfigurationList = 2A0F6EE12CA0102B00BF22F4 /* Build configuration list for PBXNativeTarget "macos-stonedge-level-explorerUITests" */;
			buildPhases = (
				2A0F6ECD2CA0102B00BF22F4 /* Sources */,
				2A0F6ECE2CA0102B00BF22F4 /* Frameworks */,
				2A0F6ECF2CA0102B00BF22F4 /* Resources */,
			);
			buildRules = (
			);
			dependencies = (
				2A0F6ED32CA0102B00BF22F4 /* PBXTargetDependency */,
			);
			name = "macos-stonedge-level-explorerUITests";
			productName = "macos-stonedge-level-explorerUITests";
			productReference = 2A0F6ED12CA0102B00BF22F4 /* macos-stonedge-level-explorerUITests.xctest */;
			productType = "com.apple.product-type.bundle.ui-testing";
		};
/* End PBXNativeTarget section */

/* Begin PBXProject section */
		2A0F6EAE2CA0102A00BF22F4 /* Project object */ = {
			isa = PBXProject;
			attributes = {
				BuildIndependentTargetsInParallel = 1;
				LastSwiftUpdateCheck = 1540;
				LastUpgradeCheck = 2600;
				TargetAttributes = {
					2A0F6EB52CA0102A00BF22F4 = {
						CreatedOnToolsVersion = 15.4;
					};
					2A0F6EC62CA0102B00BF22F4 = {
						CreatedOnToolsVersion = 15.4;
						TestTargetID = 2A0F6EB52CA0102A00BF22F4;
					};
					2A0F6ED02CA0102B00BF22F4 = {
						CreatedOnToolsVersion = 15.4;
						TestTargetID = 2A0F6EB52CA0102A00BF22F4;
					};
				};
			};
			buildConfigurationList = 2A0F6EB12CA0102A00BF22F4 /* Build configuration list for PBXProject "macos-stonedge-level-explorer" */;
			compatibilityVersion = "Xcode 14.0";
			developmentRegion = en;
			hasScannedForEncodings = 0;
			knownRegions = (
				en,
				Base,
			);
			mainGroup = 2A0F6EAD2CA0102A00BF22F4;
			productRefGroup = 2A0F6EB72CA0102A00BF22F4 /* Products */;
			projectDirPath = "";
			projectRoot = "";
			targets = (
				2A0F6EB52CA0102A00BF22F4 /* macos-stonedge-level-explorer */,
				2A0F6EC62CA0102B00BF22F4 /* macos-stonedge-level-explorerTests */,
				2A0F6ED02CA0102B00BF22F4 /* macos-stonedge-level-explorerUITests */,
			);
		};
/* End PBXProject section */

/* Begin PBXResourcesBuildPhase section */
		2A0F6EB42CA0102A00BF22F4 /* Resources */ = {
			isa = PBXResourcesBuildPhase;
			buildActionMask = 2147483647;
			files = (
				2A0F6EC12CA0102A00BF22F4 /* Preview Assets.xcassets in Resources */,
				2A0F6EBE2CA0102A00BF22F4 /* Assets.xcassets in Resources */,
			);
			runOnlyForDeploymentPostprocessing = 0;
		};
		2A0F6EC52CA0102B00BF22F4 /* Resources */ = {
			isa = PBXResourcesBuildPhase;
			buildActionMask = 2147483647;
			files = (
			);
			runOnlyForDeploymentPostprocessing = 0;
		};
		2A0F6ECF2CA0102B00BF22F4 /* Resources */ = {
			isa = PBXResourcesBuildPhase;
			buildActionMask = 2147483647;
			files = (
			);
			runOnlyForDeploymentPostprocessing = 0;
		};
/* End PBXResourcesBuildPhase section */

/* Begin PBXSourcesBuildPhase section */
		2A0F6EB22CA0102A00BF22F4 /* Sources */ = {
			isa = PBXSourcesBuildPhase;
			buildActionMask = 2147483647;
			files = (
				2A53F6FB2EAB8A1B00212FD6 /* KeyEventHandlingView.swift in Sources */,
				2A0F6EBC2CA0102A00BF22F4 /* ExpContentView.swift in Sources */,
				2A0F6EBA2CA0102A00BF22F4 /* macos_stonedge_level_explorerApp.swift in Sources */,
				2A53F6EA2EAB894100212FD6 /* NewLevels.swift in Sources */,
				2A53F6EB2EAB894100212FD6 /* Game.swift in Sources */,
				2A53F6EC2EAB894100212FD6 /* UserView.swift in Sources */,
				2A53F6ED2EAB894100212FD6 /* BoardView.swift in Sources */,
				2A53F6EE2EAB894100212FD6 /* Levels.swift in Sources */,
				2A53F6EF2EAB894100212FD6 /* StoneView.swift in Sources */,
				2A53F6F02EAB894100212FD6 /* ViewGlobals.swift in Sources */,
				2A53F6F12EAB894100212FD6 /* User.swift in Sources */,
				2A53F6F22EAB894100212FD6 /* StonedgeGameView.swift in Sources */,
				2A53F6F72EAB89AF00212FD6 /* ContentView.swift in Sources */,
				2A53F6F32EAB894100212FD6 /* GameParser.swift in Sources */,
				2A53F6F42EAB894100212FD6 /* Stone.swift in Sources */,
				2A53F6F52EAB894100212FD6 /* Cell.swift in Sources */,
			);
			runOnlyForDeploymentPostprocessing = 0;
		};
		2A0F6EC32CA0102B00BF22F4 /* Sources */ = {
			isa = PBXSourcesBuildPhase;
			buildActionMask = 2147483647;
			files = (
				2A53F6FC2EAB8A1B00212FD6 /* KeyEventHandlingView.swift in Sources */,
				2A53F6DE2EAB894100212FD6 /* NewLevels.swift in Sources */,
				2A53F6DF2EAB894100212FD6 /* Game.swift in Sources */,
				2A53F6F82EAB89AF00212FD6 /* ContentView.swift in Sources */,
				2A53F6E02EAB894100212FD6 /* UserView.swift in Sources */,
				2A53F6E12EAB894100212FD6 /* BoardView.swift in Sources */,
				2A53F6E22EAB894100212FD6 /* Levels.swift in Sources */,
				2A53F6E32EAB894100212FD6 /* StoneView.swift in Sources */,
				2A53F6E42EAB894100212FD6 /* ViewGlobals.swift in Sources */,
				2A53F6E52EAB894100212FD6 /* User.swift in Sources */,
				2A53F6E62EAB894100212FD6 /* StonedgeGameView.swift in Sources */,
				2A53F6E72EAB894100212FD6 /* GameParser.swift in Sources */,
				2A53F6E82EAB894100212FD6 /* Stone.swift in Sources */,
				2A53F6E92EAB894100212FD6 /* Cell.swift in Sources */,
				2A0F6ECC2CA0102B00BF22F4 /* macos_stonedge_level_explorerTests.swift in Sources */,
			);
			runOnlyForDeploymentPostprocessing = 0;
		};
		2A0F6ECD2CA0102B00BF22F4 /* Sources */ = {
			isa = PBXSourcesBuildPhase;
			buildActionMask = 2147483647;
			files = (
				2A53F6FD2EAB8A1B00212FD6 /* KeyEventHandlingView.swift in Sources */,
				2A0F6ED62CA0102B00BF22F4 /* macos_stonedge_level_explorerUITests.swift in Sources */,
				2A0F6ED82CA0102B00BF22F4 /* macos_stonedge_level_explorerUITestsLaunchTests.swift in Sources */,
				2A53F6D22EAB894100212FD6 /* NewLevels.swift in Sources */,
				2A53F6D32EAB894100212FD6 /* Game.swift in Sources */,
				2A53F6D42EAB894100212FD6 /* UserView.swift in Sources */,
				2A53F6D52EAB894100212FD6 /* BoardView.swift in Sources */,
				2A53F6D62EAB894100212FD6 /* Levels.swift in Sources */,
				2A53F6D72EAB894100212FD6 /* StoneView.swift in Sources */,
				2A53F6D82EAB894100212FD6 /* ViewGlobals.swift in Sources */,
				2A53F6D92EAB894100212FD6 /* User.swift in Sources */,
				2A53F6DA2EAB894100212FD6 /* StonedgeGameView.swift in Sources */,
				2A53F6F92EAB89AF00212FD6 /* ContentView.swift in Sources */,
				2A53F6DB2EAB894100212FD6 /* GameParser.swift in Sources */,
				2A53F6DC2EAB894100212FD6 /* Stone.swift in Sources */,
				2A53F6DD2EAB894100212FD6 /* Cell.swift in Sources */,
			);
			runOnlyForDeploymentPostprocessing = 0;
		};
/* End PBXSourcesBuildPhase section */

/* Begin PBXTargetDependency section */
		2A0F6EC92CA0102B00BF22F4 /* PBXTargetDependency */ = {
			isa = PBXTargetDependency;
			target = 2A0F6EB52CA0102A00BF22F4 /* macos-stonedge-level-explorer */;
			targetProxy = 2A0F6EC82CA0102B00BF22F4 /* PBXContainerItemProxy */;
		};
		2A0F6ED32CA0102B00BF22F4 /* PBXTargetDependency */ = {
			isa = PBXTargetDependency;
			target = 2A0F6EB52CA0102A00BF22F4 /* macos-stonedge-level-explorer */;
			targetProxy = 2A0F6ED22CA0102B00BF22F4 /* PBXContainerItemProxy */;
		};
/* End PBXTargetDependency section */

/* Begin XCBuildConfiguration section */
		2A0F6ED92CA0102B00BF22F4 /* Debug */ = {
			isa = XCBuildConfiguration;
			buildSettings = {
				ALWAYS_SEARCH_USER_PATHS = NO;
				ASSETCATALOG_COMPILER_GENERATE_SWIFT_ASSET_SYMBOL_EXTENSIONS = YES;
				CLANG_ANALYZER_NONNULL = YES;
				CLANG_ANALYZER_NUMBER_OBJECT_CONVERSION = YES_AGGRESSIVE;
				CLANG_CXX_LANGUAGE_STANDARD = "gnu++20";
				CLANG_ENABLE_MODULES = YES;
				CLANG_ENABLE_OBJC_ARC = YES;
				CLANG_ENABLE_OBJC_WEAK = YES;
				CLANG_WARN_BLOCK_CAPTURE_AUTORELEASING = YES;
				CLANG_WARN_BOOL_CONVERSION = YES;
				CLANG_WARN_COMMA = YES;
				CLANG_WARN_CONSTANT_CONVERSION = YES;
				CLANG_WARN_DEPRECATED_OBJC_IMPLEMENTATIONS = YES;
				CLANG_WARN_DIRECT_OBJC_ISA_USAGE = YES_ERROR;
				CLANG_WARN_DOCUMENTATION_COMMENTS = YES;
				CLANG_WARN_EMPTY_BODY = YES;
				CLANG_WARN_ENUM_CONVERSION = YES;
				CLANG_WARN_INFINITE_RECURSION = YES;
				CLANG_WARN_INT_CONVERSION = YES;
				CLANG_WARN_NON_LITERAL_NULL_CONVERSION = YES;
				CLANG_WARN_OBJC_IMPLICIT_RETAIN_SELF = YES;
				CLANG_WARN_OBJC_LITERAL_CONVERSION = YES;
				CLANG_WARN_OBJC_ROOT_CLASS = YES_ERROR;
				CLANG_WARN_QUOTED_INCLUDE_IN_FRAMEWORK_HEADER = YES;
				CLANG_WARN_RANGE_LOOP_ANALYSIS = YES;
				CLANG_WARN_STRICT_PROTOTYPES = YES;
				CLANG_WARN_SUSPICIOUS_MOVE = YES;
				CLANG_WARN_UNGUARDED_AVAILABILITY = YES_AGGRESSIVE;
				CLANG_WARN_UNREACHABLE_CODE = YES;
				CLANG_WARN__DUPLICATE_METHOD_MATCH = YES;
				COPY_PHASE_STRIP = NO;
				DEAD_CODE_STRIPPING = YES;
				DEBUG_INFORMATION_FORMAT = dwarf;
				DEVELOPMENT_TEAM = EKM4K54R7P;
				ENABLE_STRICT_OBJC_MSGSEND = YES;
				ENABLE_TESTABILITY = YES;
				ENABLE_USER_SCRIPT_SANDBOXING = YES;
				GCC_C_LANGUAGE_STANDARD = gnu17;
				GCC_DYNAMIC_NO_PIC = NO;
				GCC_NO_COMMON_BLOCKS = YES;
				GCC_OPTIMIZATION_LEVEL = 0;
				GCC_PREPROCESSOR_DEFINITIONS = (
					"DEBUG=1",
					"$(inherited)",
				);
				GCC_WARN_64_TO_32_BIT_CONVERSION = YES;
				GCC_WARN_ABOUT_RETURN_TYPE = YES_ERROR;
				GCC_WARN_UNDECLARED_SELECTOR = YES;
				GCC_WARN_UNINITIALIZED_AUTOS = YES_AGGRESSIVE;
				GCC_WARN_UNUSED_FUNCTION = YES;
				GCC_WARN_UNUSED_VARIABLE = YES;
				LOCALIZATION_PREFERS_STRING_CATALOGS = YES;
				MACOSX_DEPLOYMENT_TARGET = 14.5;
				MTL_ENABLE_DEBUG_INFO = INCLUDE_SOURCE;
				MTL_FAST_MATH = YES;
				ONLY_ACTIVE_ARCH = YES;
				SDKROOT = macosx;
				STRING_CATALOG_GENERATE_SYMBOLS = YES;
				SWIFT_ACTIVE_COMPILATION_CONDITIONS = "DEBUG $(inherited)";
				SWIFT_OPTIMIZATION_LEVEL = "-Onone";
			};
			name = Debug;
		};
		2A0F6EDA2CA0102B00BF22F4 /* Release */ = {
			isa = XCBuildConfiguration;
			buildSettings = {
				ALWAYS_SEARCH_USER_PATHS = NO;
				ASSETCATALOG_COMPILER_GENERATE_SWIFT_ASSET_SYMBOL_EXTENSIONS = YES;
				CLANG_ANALYZER_NONNULL = YES;
				CLANG_ANALYZER_NUMBER_OBJECT_CONVERSION = YES_AGGRESSIVE;
				CLANG_CXX_LANGUAGE_STANDARD = "gnu++20";
				CLANG_ENABLE_MODULES = YES;
				CLANG_ENABLE_OBJC_ARC = YES;
				CLANG_ENABLE_OBJC_WEAK = YES;
				CLANG_WARN_BLOCK_CAPTURE_AUTORELEASING = YES;
				CLANG_WARN_BOOL_CONVERSION = YES;
				CLANG_WARN_COMMA = YES;
				CLANG_WARN_CONSTANT_CONVERSION = YES;
				CLANG_WARN_DEPRECATED_OBJC_IMPLEMENTATIONS = YES;
				CLANG_WARN_DIRECT_OBJC_ISA_USAGE = YES_ERROR;
				CLANG_WARN_DOCUMENTATION_COMMENTS = YES;
				CLANG_WARN_EMPTY_BODY = YES;
				CLANG_WARN_ENUM_CONVERSION = YES;
				CLANG_WARN_INFINITE_RECURSION = YES;
				CLANG_WARN_INT_CONVERSION = YES;
				CLANG_WARN_NON_LITERAL_NULL_CONVERSION = YES;
				CLANG_WARN_OBJC_IMPLICIT_RETAIN_SELF = YES;
				CLANG_WARN_OBJC_LITERAL_CONVERSION = YES;
				CLANG_WARN_OBJC_ROOT_CLASS = YES_ERROR;
				CLANG_WARN_QUOTED_INCLUDE_IN_FRAMEWORK_HEADER = YES;
				CLANG_WARN_RANGE_LOOP_ANALYSIS = YES;
				CLANG_WARN_STRICT_PROTOTYPES = YES;
				CLANG_WARN_SUSPICIOUS_MOVE = YES;
				CLANG_WARN_UNGUARDED_AVAILABILITY = YES_AGGRESSIVE;
				CLANG_WARN_UNREACHABLE_CODE = YES;
				CLANG_WARN__DUPLICATE_METHOD_MATCH = YES;
				COPY_PHASE_STRIP = NO;
				DEAD_CODE_STRIPPING = YES;
				DEBUG_INFORMATION_FORMAT = "dwarf-with-dsym";
				DEVELOPMENT_TEAM = EKM4K54R7P;
				ENABLE_NS_ASSERTIONS = NO;
				ENABLE_STRICT_OBJC_MSGSEND = YES;
				ENABLE_USER_SCRIPT_SANDBOXING = YES;
				GCC_C_LANGUAGE_STANDARD = gnu17;
				GCC_NO_COMMON_BLOCKS = YES;
				GCC_WARN_64_TO_32_BIT_CONVERSION = YES;
				GCC_WARN_ABOUT_RETURN_TYPE = YES_ERROR;
				GCC_WARN_UNDECLARED_SELECTOR = YES;
				GCC_WARN_UNINITIALIZED_AUTOS = YES_AGGRESSIVE;
				GCC_WARN_UNUSED_FUNCTION = YES;
				GCC_WARN_UNUSED_VARIABLE = YES;
				LOCALIZATION_PREFERS_STRING_CATALOGS = YES;
				MACOSX_DEPLOYMENT_TARGET = 14.5;
				MTL_ENABLE_DEBUG_INFO = NO;
				MTL_FAST_MATH = YES;
				SDKROOT = macosx;
				STRING_CATALOG_GENERATE_SYMBOLS = YES;
				SWIFT_COMPILATION_MODE = wholemodule;
			};
			name = Release;
		};
		2A0F6EDC2CA0102B00BF22F4 /* Debug */ = {
			isa = XCBuildConfiguration;
			buildSettings = {
				ASSETCATALOG_COMPILER_APPICON_NAME = AppIcon;
				ASSETCATALOG_COMPILER_GLOBAL_ACCENT_COLOR_NAME = AccentColor;
				CODE_SIGN_ENTITLEMENTS = "macos-stonedge-level-explorer/macos_stonedge_level_explorer.entitlements";
				CODE_SIGN_STYLE = Automatic;
				COMBINE_HIDPI_IMAGES = YES;
				CURRENT_PROJECT_VERSION = 1;
				DEAD_CODE_STRIPPING = YES;
				DEVELOPMENT_ASSET_PATHS = "\"macos-stonedge-level-explorer/Preview Content\"";
				ENABLE_APP_SANDBOX = YES;
				ENABLE_HARDENED_RUNTIME = YES;
				ENABLE_PREVIEWS = YES;
				ENABLE_USER_SELECTED_FILES = readonly;
				GENERATE_INFOPLIST_FILE = YES;
				INFOPLIST_KEY_NSHumanReadableCopyright = "";
				LD_RUNPATH_SEARCH_PATHS = (
					"$(inherited)",
					"@executable_path/../Frameworks",
				);
				MARKETING_VERSION = 1.0;
				PRODUCT_BUNDLE_IDENTIFIER = "com.ogamita.games.macos-stonedge-level-explorer";
				PRODUCT_NAME = "$(TARGET_NAME)";
				SWIFT_EMIT_LOC_STRINGS = YES;
				SWIFT_VERSION = 5.0;
			};
			name = Debug;
		};
		2A0F6EDD2CA0102B00BF22F4 /* Release */ = {
			isa = XCBuildConfiguration;
			buildSettings = {
				ASSETCATALOG_COMPILER_APPICON_NAME = AppIcon;
				ASSETCATALOG_COMPILER_GLOBAL_ACCENT_COLOR_NAME = AccentColor;
				CODE_SIGN_ENTITLEMENTS = "macos-stonedge-level-explorer/macos_stonedge_level_explorer.entitlements";
				CODE_SIGN_STYLE = Automatic;
				COMBINE_HIDPI_IMAGES = YES;
				CURRENT_PROJECT_VERSION = 1;
				DEAD_CODE_STRIPPING = YES;
				DEVELOPMENT_ASSET_PATHS = "\"macos-stonedge-level-explorer/Preview Content\"";
				ENABLE_APP_SANDBOX = YES;
				ENABLE_HARDENED_RUNTIME = YES;
				ENABLE_PREVIEWS = YES;
				ENABLE_USER_SELECTED_FILES = readonly;
				GENERATE_INFOPLIST_FILE = YES;
				INFOPLIST_KEY_NSHumanReadableCopyright = "";
				LD_RUNPATH_SEARCH_PATHS = (
					"$(inherited)",
					"@executable_path/../Frameworks",
				);
				MARKETING_VERSION = 1.0;
				PRODUCT_BUNDLE_IDENTIFIER = "com.ogamita.games.macos-stonedge-level-explorer";
				PRODUCT_NAME = "$(TARGET_NAME)";
				SWIFT_EMIT_LOC_STRINGS = YES;
				SWIFT_VERSION = 5.0;
			};
			name = Release;
		};
		2A0F6EDF2CA0102B00BF22F4 /* Debug */ = {
			isa = XCBuildConfiguration;
			buildSettings = {
				BUNDLE_LOADER = "$(TEST_HOST)";
				CODE_SIGN_STYLE = Automatic;
				CURRENT_PROJECT_VERSION = 1;
				DEAD_CODE_STRIPPING = YES;
				GENERATE_INFOPLIST_FILE = YES;
				MACOSX_DEPLOYMENT_TARGET = 14.5;
				MARKETING_VERSION = 1.0;
				PRODUCT_BUNDLE_IDENTIFIER = "com.ogamita.games.macos-stonedge-level-explorerTests";
				PRODUCT_NAME = "$(TARGET_NAME)";
				SWIFT_EMIT_LOC_STRINGS = NO;
				SWIFT_VERSION = 5.0;
				TEST_HOST = "$(BUILT_PRODUCTS_DIR)/macos-stonedge-level-explorer.app/$(BUNDLE_EXECUTABLE_FOLDER_PATH)/macos-stonedge-level-explorer";
			};
			name = Debug;
		};
		2A0F6EE02CA0102B00BF22F4 /* Release */ = {
			isa = XCBuildConfiguration;
			buildSettings = {
				BUNDLE_LOADER = "$(TEST_HOST)";
				CODE_SIGN_STYLE = Automatic;
				CURRENT_PROJECT_VERSION = 1;
				DEAD_CODE_STRIPPING = YES;
				GENERATE_INFOPLIST_FILE = YES;
				MACOSX_DEPLOYMENT_TARGET = 14.5;
				MARKETING_VERSION = 1.0;
				PRODUCT_BUNDLE_IDENTIFIER = "com.ogamita.games.macos-stonedge-level-explorerTests";
				PRODUCT_NAME = "$(TARGET_NAME)";
				SWIFT_EMIT_LOC_STRINGS = NO;
				SWIFT_VERSION = 5.0;
				TEST_HOST = "$(BUILT_PRODUCTS_DIR)/macos-stonedge-level-explorer.app/$(BUNDLE_EXECUTABLE_FOLDER_PATH)/macos-stonedge-level-explorer";
			};
			name = Release;
		};
		2A0F6EE22CA0102B00BF22F4 /* Debug */ = {
			isa = XCBuildConfiguration;
			buildSettings = {
				CODE_SIGN_STYLE = Automatic;
				CURRENT_PROJECT_VERSION = 1;
				DEAD_CODE_STRIPPING = YES;
				GENERATE_INFOPLIST_FILE = YES;
				MARKETING_VERSION = 1.0;
				PRODUCT_BUNDLE_IDENTIFIER = "com.ogamita.games.macos-stonedge-level-explorerUITests";
				PRODUCT_NAME = "$(TARGET_NAME)";
				SWIFT_EMIT_LOC_STRINGS = NO;
				SWIFT_VERSION = 5.0;
				TEST_TARGET_NAME = "macos-stonedge-level-explorer";
			};
			name = Debug;
		};
		2A0F6EE32CA0102B00BF22F4 /* Release */ = {
			isa = XCBuildConfiguration;
			buildSettings = {
				CODE_SIGN_STYLE = Automatic;
				CURRENT_PROJECT_VERSION = 1;
				DEAD_CODE_STRIPPING = YES;
				GENERATE_INFOPLIST_FILE = YES;
				MARKETING_VERSION = 1.0;
				PRODUCT_BUNDLE_IDENTIFIER = "com.ogamita.games.macos-stonedge-level-explorerUITests";
				PRODUCT_NAME = "$(TARGET_NAME)";
				SWIFT_EMIT_LOC_STRINGS = NO;
				SWIFT_VERSION = 5.0;
				TEST_TARGET_NAME = "macos-stonedge-level-explorer";
			};
			name = Release;
		};
/* End XCBuildConfiguration section */

/* Begin XCConfigurationList section */
		2A0F6EB12CA0102A00BF22F4 /* Build configuration list for PBXProject "macos-stonedge-level-explorer" */ = {
			isa = XCConfigurationList;
			buildConfigurations = (
				2A0F6ED92CA0102B00BF22F4 /* Debug */,
				2A0F6EDA2CA0102B00BF22F4 /* Release */,
			);
			defaultConfigurationIsVisible = 0;
			defaultConfigurationName = Release;
		};
		2A0F6EDB2CA0102B00BF22F4 /* Build configuration list for PBXNativeTarget "macos-stonedge-level-explorer" */ = {
			isa = XCConfigurationList;
			buildConfigurations = (
				2A0F6EDC2CA0102B00BF22F4 /* Debug */,
				2A0F6EDD2CA0102B00BF22F4 /* Release */,
			);
			defaultConfigurationIsVisible = 0;
			defaultConfigurationName = Release;
		};
		2A0F6EDE2CA0102B00BF22F4 /* Build configuration list for PBXNativeTarget "macos-stonedge-level-explorerTests" */ = {
			isa = XCConfigurationList;
			buildConfigurations = (
				2A0F6EDF2CA0102B00BF22F4 /* Debug */,
				2A0F6EE02CA0102B00BF22F4 /* Release */,
			);
			defaultConfigurationIsVisible = 0;
			defaultConfigurationName = Release;
		};
		2A0F6EE12CA0102B00BF22F4 /* Build configuration list for PBXNativeTarget "macos-stonedge-level-explorerUITests" */ = {
			isa = XCConfigurationList;
			buildConfigurations = (
				2A0F6EE22CA0102B00BF22F4 /* Debug */,
				2A0F6EE32CA0102B00BF22F4 /* Release */,
			);
			defaultConfigurationIsVisible = 0;
			defaultConfigurationName = Release;
		};
/* End XCConfigurationList section */
	};
	rootObject = 2A0F6EAE2CA0102A00BF22F4 /* Project object */;
}
