// !$*UTF8*$!
{
	archiveVersion = 1;
	classes = {
	};
	objectVersion = 56;
	objects = {

/* Begin PBXBuildFile section */
		2A0F6E4D2CA00F1500BF22F4 /* macos_stonedge_appApp.swift in Sources */ = {isa = PBXBuildFile; fileRef = 2A0F6E4C2CA00F1500BF22F4 /* macos_stonedge_appApp.swift */; };
		2A0F6E4F2CA00F1500BF22F4 /* ContentView.swift in Sources */ = {isa = PBXBuildFile; fileRef = 2A0F6E4E2CA00F1500BF22F4 /* ContentView.swift */; };
		2A0F6E512CA00F1600BF22F4 /* Assets.xcassets in Resources */ = {isa = PBXBuildFile; fileRef = 2A0F6E502CA00F1600BF22F4 /* Assets.xcassets */; };
		2A0F6E542CA00F1600BF22F4 /* Preview Assets.xcassets in Resources */ = {isa = PBXBuildFile; fileRef = 2A0F6E532CA00F1600BF22F4 /* Preview Assets.xcassets */; };
		2A0F6E5F2CA00F1600BF22F4 /* macos_stonedge_appTests.swift in Sources */ = {isa = PBXBuildFile; fileRef = 2A0F6E5E2CA00F1600BF22F4 /* macos_stonedge_appTests.swift */; };
		2A0F6E692CA00F1600BF22F4 /* macos_stonedge_appUITests.swift in Sources */ = {isa = PBXBuildFile; fileRef = 2A0F6E682CA00F1600BF22F4 /* macos_stonedge_appUITests.swift */; };
		2A0F6E6B2CA00F1600BF22F4 /* macos_stonedge_appUITestsLaunchTests.swift in Sources */ = {isa = PBXBuildFile; fileRef = 2A0F6E6A2CA00F1600BF22F4 /* macos_stonedge_appUITestsLaunchTests.swift */; };
/* End PBXBuildFile section */

/* Begin PBXContainerItemProxy section */
		2A0F6E5B2CA00F1600BF22F4 /* PBXContainerItemProxy */ = {
			isa = PBXContainerItemProxy;
			containerPortal = 2A0F6E412CA00F1500BF22F4 /* Project object */;
			proxyType = 1;
			remoteGlobalIDString = 2A0F6E482CA00F1500BF22F4;
			remoteInfo = "macos-stonedge-app";
		};
		2A0F6E652CA00F1600BF22F4 /* PBXContainerItemProxy */ = {
			isa = PBXContainerItemProxy;
			containerPortal = 2A0F6E412CA00F1500BF22F4 /* Project object */;
			proxyType = 1;
			remoteGlobalIDString = 2A0F6E482CA00F1500BF22F4;
			remoteInfo = "macos-stonedge-app";
		};
/* End PBXContainerItemProxy section */

/* Begin PBXFileReference section */
		2A0F6E492CA00F1500BF22F4 /* macos-stonedge-app.app */ = {isa = PBXFileReference; explicitFileType = wrapper.application; includeInIndex = 0; path = "macos-stonedge-app.app"; sourceTree = BUILT_PRODUCTS_DIR; };
		2A0F6E4C2CA00F1500BF22F4 /* macos_stonedge_appApp.swift */ = {isa = PBXFileReference; lastKnownFileType = sourcecode.swift; path = macos_stonedge_appApp.swift; sourceTree = "<group>"; };
		2A0F6E4E2CA00F1500BF22F4 /* ContentView.swift */ = {isa = PBXFileReference; lastKnownFileType = sourcecode.swift; path = ContentView.swift; sourceTree = "<group>"; };
		2A0F6E502CA00F1600BF22F4 /* Assets.xcassets */ = {isa = PBXFileReference; lastKnownFileType = folder.assetcatalog; path = Assets.xcassets; sourceTree = "<group>"; };
		2A0F6E532CA00F1600BF22F4 /* Preview Assets.xcassets */ = {isa = PBXFileReference; lastKnownFileType = folder.assetcatalog; path = "Preview Assets.xcassets"; sourceTree = "<group>"; };
		2A0F6E552CA00F1600BF22F4 /* macos_stonedge_app.entitlements */ = {isa = PBXFileReference; lastKnownFileType = text.plist.entitlements; path = macos_stonedge_app.entitlements; sourceTree = "<group>"; };
		2A0F6E5A2CA00F1600BF22F4 /* macos-stonedge-appTests.xctest */ = {isa = PBXFileReference; explicitFileType = wrapper.cfbundle; includeInIndex = 0; path = "macos-stonedge-appTests.xctest"; sourceTree = BUILT_PRODUCTS_DIR; };
		2A0F6E5E2CA00F1600BF22F4 /* macos_stonedge_appTests.swift */ = {isa = PBXFileReference; lastKnownFileType = sourcecode.swift; path = macos_stonedge_appTests.swift; sourceTree = "<group>"; };
		2A0F6E642CA00F1600BF22F4 /* macos-stonedge-appUITests.xctest */ = {isa = PBXFileReference; explicitFileType = wrapper.cfbundle; includeInIndex = 0; path = "macos-stonedge-appUITests.xctest"; sourceTree = BUILT_PRODUCTS_DIR; };
		2A0F6E682CA00F1600BF22F4 /* macos_stonedge_appUITests.swift */ = {isa = PBXFileReference; lastKnownFileType = sourcecode.swift; path = macos_stonedge_appUITests.swift; sourceTree = "<group>"; };
		2A0F6E6A2CA00F1600BF22F4 /* macos_stonedge_appUITestsLaunchTests.swift */ = {isa = PBXFileReference; lastKnownFileType = sourcecode.swift; path = macos_stonedge_appUITestsLaunchTests.swift; sourceTree = "<group>"; };
/* End PBXFileReference section */

/* Begin PBXFrameworksBuildPhase section */
		2A0F6E462CA00F1500BF22F4 /* Frameworks */ = {
			isa = PBXFrameworksBuildPhase;
			buildActionMask = 2147483647;
			files = (
			);
			runOnlyForDeploymentPostprocessing = 0;
		};
		2A0F6E572CA00F1600BF22F4 /* Frameworks */ = {
			isa = PBXFrameworksBuildPhase;
			buildActionMask = 2147483647;
			files = (
			);
			runOnlyForDeploymentPostprocessing = 0;
		};
		2A0F6E612CA00F1600BF22F4 /* Frameworks */ = {
			isa = PBXFrameworksBuildPhase;
			buildActionMask = 2147483647;
			files = (
			);
			runOnlyForDeploymentPostprocessing = 0;
		};
/* End PBXFrameworksBuildPhase section */

/* Begin PBXGroup section */
		2A0F6E402CA00F1500BF22F4 = {
			isa = PBXGroup;
			children = (
				2A0F6E4B2CA00F1500BF22F4 /* macos-stonedge-app */,
				2A0F6E5D2CA00F1600BF22F4 /* macos-stonedge-appTests */,
				2A0F6E672CA00F1600BF22F4 /* macos-stonedge-appUITests */,
				2A0F6E4A2CA00F1500BF22F4 /* Products */,
			);
			sourceTree = "<group>";
		};
		2A0F6E4A2CA00F1500BF22F4 /* Products */ = {
			isa = PBXGroup;
			children = (
				2A0F6E492CA00F1500BF22F4 /* macos-stonedge-app.app */,
				2A0F6E5A2CA00F1600BF22F4 /* macos-stonedge-appTests.xctest */,
				2A0F6E642CA00F1600BF22F4 /* macos-stonedge-appUITests.xctest */,
			);
			name = Products;
			sourceTree = "<group>";
		};
		2A0F6E4B2CA00F1500BF22F4 /* macos-stonedge-app */ = {
			isa = PBXGroup;
			children = (
				2A0F6E4C2CA00F1500BF22F4 /* macos_stonedge_appApp.swift */,
				2A0F6E4E2CA00F1500BF22F4 /* ContentView.swift */,
				2A0F6E502CA00F1600BF22F4 /* Assets.xcassets */,
				2A0F6E552CA00F1600BF22F4 /* macos_stonedge_app.entitlements */,
				2A0F6E522CA00F1600BF22F4 /* Preview Content */,
			);
			path = "macos-stonedge-app";
			sourceTree = "<group>";
		};
		2A0F6E522CA00F1600BF22F4 /* Preview Content */ = {
			isa = PBXGroup;
			children = (
				2A0F6E532CA00F1600BF22F4 /* Preview Assets.xcassets */,
			);
			path = "Preview Content";
			sourceTree = "<group>";
		};
		2A0F6E5D2CA00F1600BF22F4 /* macos-stonedge-appTests */ = {
			isa = PBXGroup;
			children = (
				2A0F6E5E2CA00F1600BF22F4 /* macos_stonedge_appTests.swift */,
			);
			path = "macos-stonedge-appTests";
			sourceTree = "<group>";
		};
		2A0F6E672CA00F1600BF22F4 /* macos-stonedge-appUITests */ = {
			isa = PBXGroup;
			children = (
				2A0F6E682CA00F1600BF22F4 /* macos_stonedge_appUITests.swift */,
				2A0F6E6A2CA00F1600BF22F4 /* macos_stonedge_appUITestsLaunchTests.swift */,
			);
			path = "macos-stonedge-appUITests";
			sourceTree = "<group>";
		};
/* End PBXGroup section */

/* Begin PBXNativeTarget section */
		2A0F6E482CA00F1500BF22F4 /* macos-stonedge-app */ = {
			isa = PBXNativeTarget;
			buildConfigurationList = 2A0F6E6E2CA00F1600BF22F4 /* Build configuration list for PBXNativeTarget "macos-stonedge-app" */;
			buildPhases = (
				2A0F6E452CA00F1500BF22F4 /* Sources */,
				2A0F6E462CA00F1500BF22F4 /* Frameworks */,
				2A0F6E472CA00F1500BF22F4 /* Resources */,
			);
			buildRules = (
			);
			dependencies = (
			);
			name = "macos-stonedge-app";
			productName = "macos-stonedge-app";
			productReference = 2A0F6E492CA00F1500BF22F4 /* macos-stonedge-app.app */;
			productType = "com.apple.product-type.application";
		};
		2A0F6E592CA00F1600BF22F4 /* macos-stonedge-appTests */ = {
			isa = PBXNativeTarget;
			buildConfigurationList = 2A0F6E712CA00F1600BF22F4 /* Build configuration list for PBXNativeTarget "macos-stonedge-appTests" */;
			buildPhases = (
				2A0F6E562CA00F1600BF22F4 /* Sources */,
				2A0F6E572CA00F1600BF22F4 /* Frameworks */,
				2A0F6E582CA00F1600BF22F4 /* Resources */,
			);
			buildRules = (
			);
			dependencies = (
				2A0F6E5C2CA00F1600BF22F4 /* PBXTargetDependency */,
			);
			name = "macos-stonedge-appTests";
			productName = "macos-stonedge-appTests";
			productReference = 2A0F6E5A2CA00F1600BF22F4 /* macos-stonedge-appTests.xctest */;
			productType = "com.apple.product-type.bundle.unit-test";
		};
		2A0F6E632CA00F1600BF22F4 /* macos-stonedge-appUITests */ = {
			isa = PBXNativeTarget;
			buildConfigurationList = 2A0F6E742CA00F1600BF22F4 /* Build configuration list for PBXNativeTarget "macos-stonedge-appUITests" */;
			buildPhases = (
				2A0F6E602CA00F1600BF22F4 /* Sources */,
				2A0F6E612CA00F1600BF22F4 /* Frameworks */,
				2A0F6E622CA00F1600BF22F4 /* Resources */,
			);
			buildRules = (
			);
			dependencies = (
				2A0F6E662CA00F1600BF22F4 /* PBXTargetDependency */,
			);
			name = "macos-stonedge-appUITests";
			productName = "macos-stonedge-appUITests";
			productReference = 2A0F6E642CA00F1600BF22F4 /* macos-stonedge-appUITests.xctest */;
			productType = "com.apple.product-type.bundle.ui-testing";
		};
/* End PBXNativeTarget section */

/* Begin PBXProject section */
		2A0F6E412CA00F1500BF22F4 /* Project object */ = {
			isa = PBXProject;
			attributes = {
				BuildIndependentTargetsInParallel = 1;
				LastSwiftUpdateCheck = 1540;
				LastUpgradeCheck = 1540;
				TargetAttributes = {
					2A0F6E482CA00F1500BF22F4 = {
						CreatedOnToolsVersion = 15.4;
					};
					2A0F6E592CA00F1600BF22F4 = {
						CreatedOnToolsVersion = 15.4;
						TestTargetID = 2A0F6E482CA00F1500BF22F4;
					};
					2A0F6E632CA00F1600BF22F4 = {
						CreatedOnToolsVersion = 15.4;
						TestTargetID = 2A0F6E482CA00F1500BF22F4;
					};
				};
			};
			buildConfigurationList = 2A0F6E442CA00F1500BF22F4 /* Build configuration list for PBXProject "macos-stonedge-app" */;
			compatibilityVersion = "Xcode 14.0";
			developmentRegion = en;
			hasScannedForEncodings = 0;
			knownRegions = (
				en,
				Base,
			);
			mainGroup = 2A0F6E402CA00F1500BF22F4;
			productRefGroup = 2A0F6E4A2CA00F1500BF22F4 /* Products */;
			projectDirPath = "";
			projectRoot = "";
			targets = (
				2A0F6E482CA00F1500BF22F4 /* macos-stonedge-app */,
				2A0F6E592CA00F1600BF22F4 /* macos-stonedge-appTests */,
				2A0F6E632CA00F1600BF22F4 /* macos-stonedge-appUITests */,
			);
		};
/* End PBXProject section */

/* Begin PBXResourcesBuildPhase section */
		2A0F6E472CA00F1500BF22F4 /* Resources */ = {
			isa = PBXResourcesBuildPhase;
			buildActionMask = 2147483647;
			files = (
				2A0F6E542CA00F1600BF22F4 /* Preview Assets.xcassets in Resources */,
				2A0F6E512CA00F1600BF22F4 /* Assets.xcassets in Resources */,
			);
			runOnlyForDeploymentPostprocessing = 0;
		};
		2A0F6E582CA00F1600BF22F4 /* Resources */ = {
			isa = PBXResourcesBuildPhase;
			buildActionMask = 2147483647;
			files = (
			);
			runOnlyForDeploymentPostprocessing = 0;
		};
		2A0F6E622CA00F1600BF22F4 /* Resources */ = {
			isa = PBXResourcesBuildPhase;
			buildActionMask = 2147483647;
			files = (
			);
			runOnlyForDeploymentPostprocessing = 0;
		};
/* End PBXResourcesBuildPhase section */

/* Begin PBXSourcesBuildPhase section */
		2A0F6E452CA00F1500BF22F4 /* Sources */ = {
			isa = PBXSourcesBuildPhase;
			buildActionMask = 2147483647;
			files = (
				2A0F6E4F2CA00F1500BF22F4 /* ContentView.swift in Sources */,
				2A0F6E4D2CA00F1500BF22F4 /* macos_stonedge_appApp.swift in Sources */,
			);
			runOnlyForDeploymentPostprocessing = 0;
		};
		2A0F6E562CA00F1600BF22F4 /* Sources */ = {
			isa = PBXSourcesBuildPhase;
			buildActionMask = 2147483647;
			files = (
				2A0F6E5F2CA00F1600BF22F4 /* macos_stonedge_appTests.swift in Sources */,
			);
			runOnlyForDeploymentPostprocessing = 0;
		};
		2A0F6E602CA00F1600BF22F4 /* Sources */ = {
			isa = PBXSourcesBuildPhase;
			buildActionMask = 2147483647;
			files = (
				2A0F6E692CA00F1600BF22F4 /* macos_stonedge_appUITests.swift in Sources */,
				2A0F6E6B2CA00F1600BF22F4 /* macos_stonedge_appUITestsLaunchTests.swift in Sources */,
			);
			runOnlyForDeploymentPostprocessing = 0;
		};
/* End PBXSourcesBuildPhase section */

/* Begin PBXTargetDependency section */
		2A0F6E5C2CA00F1600BF22F4 /* PBXTargetDependency */ = {
			isa = PBXTargetDependency;
			target = 2A0F6E482CA00F1500BF22F4 /* macos-stonedge-app */;
			targetProxy = 2A0F6E5B2CA00F1600BF22F4 /* PBXContainerItemProxy */;
		};
		2A0F6E662CA00F1600BF22F4 /* PBXTargetDependency */ = {
			isa = PBXTargetDependency;
			target = 2A0F6E482CA00F1500BF22F4 /* macos-stonedge-app */;
			targetProxy = 2A0F6E652CA00F1600BF22F4 /* PBXContainerItemProxy */;
		};
/* End PBXTargetDependency section */

/* Begin XCBuildConfiguration section */
		2A0F6E6C2CA00F1600BF22F4 /* Debug */ = {
			isa = XCBuildConfiguration;
			buildSettings = {
				ALWAYS_SEARCH_USER_PATHS = NO;
				ASSETCATALOG_COMPILER_GENERATE_SWIFT_ASSET_SYMBOL_EXTENSIONS = YES;
				CLANG_ANALYZER_NONNULL = YES;
				CLANG_ANALYZER_NUMBER_OBJECT_CONVERSION = YES_AGGRESSIVE;
				CLANG_CXX_LANGUAGE_STANDARD = "gnu++20";
				CLANG_ENABLE_MODULES = YES;
				CLANG_ENABLE_OBJC_ARC = YES;
				CLANG_ENABLE_OBJC_WEAK = YES;
				CLANG_WARN_BLOCK_CAPTURE_AUTORELEASING = YES;
				CLANG_WARN_BOOL_CONVERSION = YES;
				CLANG_WARN_COMMA = YES;
				CLANG_WARN_CONSTANT_CONVERSION = YES;
				CLANG_WARN_DEPRECATED_OBJC_IMPLEMENTATIONS = YES;
				CLANG_WARN_DIRECT_OBJC_ISA_USAGE = YES_ERROR;
				CLANG_WARN_DOCUMENTATION_COMMENTS = YES;
				CLANG_WARN_EMPTY_BODY = YES;
				CLANG_WARN_ENUM_CONVERSION = YES;
				CLANG_WARN_INFINITE_RECURSION = YES;
				CLANG_WARN_INT_CONVERSION = YES;
				CLANG_WARN_NON_LITERAL_NULL_CONVERSION = YES;
				CLANG_WARN_OBJC_IMPLICIT_RETAIN_SELF = YES;
				CLANG_WARN_OBJC_LITERAL_CONVERSION = YES;
				CLANG_WARN_OBJC_ROOT_CLASS = YES_ERROR;
				CLANG_WARN_QUOTED_INCLUDE_IN_FRAMEWORK_HEADER = YES;
				CLANG_WARN_RANGE_LOOP_ANALYSIS = YES;
				CLANG_WARN_STRICT_PROTOTYPES = YES;
				CLANG_WARN_SUSPICIOUS_MOVE = YES;
				CLANG_WARN_UNGUARDED_AVAILABILITY = YES_AGGRESSIVE;
				CLANG_WARN_UNREACHABLE_CODE = YES;
				CLANG_WARN__DUPLICATE_METHOD_MATCH = YES;
				COPY_PHASE_STRIP = NO;
				DEBUG_INFORMATION_FORMAT = dwarf;
				ENABLE_STRICT_OBJC_MSGSEND = YES;
				ENABLE_TESTABILITY = YES;
				ENABLE_USER_SCRIPT_SANDBOXING = YES;
				GCC_C_LANGUAGE_STANDARD = gnu17;
				GCC_DYNAMIC_NO_PIC = NO;
				GCC_NO_COMMON_BLOCKS = YES;
				GCC_OPTIMIZATION_LEVEL = 0;
				GCC_PREPROCESSOR_DEFINITIONS = (
					"DEBUG=1",
					"$(inherited)",
				);
				GCC_WARN_64_TO_32_BIT_CONVERSION = YES;
				GCC_WARN_ABOUT_RETURN_TYPE = YES_ERROR;
				GCC_WARN_UNDECLARED_SELECTOR = YES;
				GCC_WARN_UNINITIALIZED_AUTOS = YES_AGGRESSIVE;
				GCC_WARN_UNUSED_FUNCTION = YES;
				GCC_WARN_UNUSED_VARIABLE = YES;
				LOCALIZATION_PREFERS_STRING_CATALOGS = YES;
				MACOSX_DEPLOYMENT_TARGET = 14.5;
				MTL_ENABLE_DEBUG_INFO = INCLUDE_SOURCE;
				MTL_FAST_MATH = YES;
				ONLY_ACTIVE_ARCH = YES;
				SDKROOT = macosx;
				SWIFT_ACTIVE_COMPILATION_CONDITIONS = "DEBUG $(inherited)";
				SWIFT_OPTIMIZATION_LEVEL = "-Onone";
			};
			name = Debug;
		};
		2A0F6E6D2CA00F1600BF22F4 /* Release */ = {
			isa = XCBuildConfiguration;
			buildSettings = {
				ALWAYS_SEARCH_USER_PATHS = NO;
				ASSETCATALOG_COMPILER_GENERATE_SWIFT_ASSET_SYMBOL_EXTENSIONS = YES;
				CLANG_ANALYZER_NONNULL = YES;
				CLANG_ANALYZER_NUMBER_OBJECT_CONVERSION = YES_AGGRESSIVE;
				CLANG_CXX_LANGUAGE_STANDARD = "gnu++20";
				CLANG_ENABLE_MODULES = YES;
				CLANG_ENABLE_OBJC_ARC = YES;
				CLANG_ENABLE_OBJC_WEAK = YES;
				CLANG_WARN_BLOCK_CAPTURE_AUTORELEASING = YES;
				CLANG_WARN_BOOL_CONVERSION = YES;
				CLANG_WARN_COMMA = YES;
				CLANG_WARN_CONSTANT_CONVERSION = YES;
				CLANG_WARN_DEPRECATED_OBJC_IMPLEMENTATIONS = YES;
				CLANG_WARN_DIRECT_OBJC_ISA_USAGE = YES_ERROR;
				CLANG_WARN_DOCUMENTATION_COMMENTS = YES;
				CLANG_WARN_EMPTY_BODY = YES;
				CLANG_WARN_ENUM_CONVERSION = YES;
				CLANG_WARN_INFINITE_RECURSION = YES;
				CLANG_WARN_INT_CONVERSION = YES;
				CLANG_WARN_NON_LITERAL_NULL_CONVERSION = YES;
				CLANG_WARN_OBJC_IMPLICIT_RETAIN_SELF = YES;
				CLANG_WARN_OBJC_LITERAL_CONVERSION = YES;
				CLANG_WARN_OBJC_ROOT_CLASS = YES_ERROR;
				CLANG_WARN_QUOTED_INCLUDE_IN_FRAMEWORK_HEADER = YES;
				CLANG_WARN_RANGE_LOOP_ANALYSIS = YES;
				CLANG_WARN_STRICT_PROTOTYPES = YES;
				CLANG_WARN_SUSPICIOUS_MOVE = YES;
				CLANG_WARN_UNGUARDED_AVAILABILITY = YES_AGGRESSIVE;
				CLANG_WARN_UNREACHABLE_CODE = YES;
				CLANG_WARN__DUPLICATE_METHOD_MATCH = YES;
				COPY_PHASE_STRIP = NO;
				DEBUG_INFORMATION_FORMAT = "dwarf-with-dsym";
				ENABLE_NS_ASSERTIONS = NO;
				ENABLE_STRICT_OBJC_MSGSEND = YES;
				ENABLE_USER_SCRIPT_SANDBOXING = YES;
				GCC_C_LANGUAGE_STANDARD = gnu17;
				GCC_NO_COMMON_BLOCKS = YES;
				GCC_WARN_64_TO_32_BIT_CONVERSION = YES;
				GCC_WARN_ABOUT_RETURN_TYPE = YES_ERROR;
				GCC_WARN_UNDECLARED_SELECTOR = YES;
				GCC_WARN_UNINITIALIZED_AUTOS = YES_AGGRESSIVE;
				GCC_WARN_UNUSED_FUNCTION = YES;
				GCC_WARN_UNUSED_VARIABLE = YES;
				LOCALIZATION_PREFERS_STRING_CATALOGS = YES;
				MACOSX_DEPLOYMENT_TARGET = 14.5;
				MTL_ENABLE_DEBUG_INFO = NO;
				MTL_FAST_MATH = YES;
				SDKROOT = macosx;
				SWIFT_COMPILATION_MODE = wholemodule;
			};
			name = Release;
		};
		2A0F6E6F2CA00F1600BF22F4 /* Debug */ = {
			isa = XCBuildConfiguration;
			buildSettings = {
				ASSETCATALOG_COMPILER_APPICON_NAME = AppIcon;
				ASSETCATALOG_COMPILER_GLOBAL_ACCENT_COLOR_NAME = AccentColor;
				CODE_SIGN_ENTITLEMENTS = "macos-stonedge-app/macos_stonedge_app.entitlements";
				CODE_SIGN_STYLE = Automatic;
				COMBINE_HIDPI_IMAGES = YES;
				CURRENT_PROJECT_VERSION = 1;
				DEVELOPMENT_ASSET_PATHS = "\"macos-stonedge-app/Preview Content\"";
				DEVELOPMENT_TEAM = EKM4K54R7P;
				ENABLE_HARDENED_RUNTIME = YES;
				ENABLE_PREVIEWS = YES;
				GENERATE_INFOPLIST_FILE = YES;
				INFOPLIST_KEY_NSHumanReadableCopyright = "";
				LD_RUNPATH_SEARCH_PATHS = (
					"$(inherited)",
					"@executable_path/../Frameworks",
				);
				MARKETING_VERSION = 1.0;
				PRODUCT_BUNDLE_IDENTIFIER = "com.ogamita.games.macos-stonedge-app";
				PRODUCT_NAME = "$(TARGET_NAME)";
				SWIFT_EMIT_LOC_STRINGS = YES;
				SWIFT_VERSION = 5.0;
			};
			name = Debug;
		};
		2A0F6E702CA00F1600BF22F4 /* Release */ = {
			isa = XCBuildConfiguration;
			buildSettings = {
				ASSETCATALOG_COMPILER_APPICON_NAME = AppIcon;
				ASSETCATALOG_COMPILER_GLOBAL_ACCENT_COLOR_NAME = AccentColor;
				CODE_SIGN_ENTITLEMENTS = "macos-stonedge-app/macos_stonedge_app.entitlements";
				CODE_SIGN_STYLE = Automatic;
				COMBINE_HIDPI_IMAGES = YES;
				CURRENT_PROJECT_VERSION = 1;
				DEVELOPMENT_ASSET_PATHS = "\"macos-stonedge-app/Preview Content\"";
				DEVELOPMENT_TEAM = EKM4K54R7P;
				ENABLE_HARDENED_RUNTIME = YES;
				ENABLE_PREVIEWS = YES;
				GENERATE_INFOPLIST_FILE = YES;
				INFOPLIST_KEY_NSHumanReadableCopyright = "";
				LD_RUNPATH_SEARCH_PATHS = (
					"$(inherited)",
					"@executable_path/../Frameworks",
				);
				MARKETING_VERSION = 1.0;
				PRODUCT_BUNDLE_IDENTIFIER = "com.ogamita.games.macos-stonedge-app";
				PRODUCT_NAME = "$(TARGET_NAME)";
				SWIFT_EMIT_LOC_STRINGS = YES;
				SWIFT_VERSION = 5.0;
			};
			name = Release;
		};
		2A0F6E722CA00F1600BF22F4 /* Debug */ = {
			isa = XCBuildConfiguration;
			buildSettings = {
				ALWAYS_EMBED_SWIFT_STANDARD_LIBRARIES = YES;
				BUNDLE_LOADER = "$(TEST_HOST)";
				CODE_SIGN_STYLE = Automatic;
				CURRENT_PROJECT_VERSION = 1;
				DEVELOPMENT_TEAM = EKM4K54R7P;
				GENERATE_INFOPLIST_FILE = YES;
				MACOSX_DEPLOYMENT_TARGET = 14.5;
				MARKETING_VERSION = 1.0;
				PRODUCT_BUNDLE_IDENTIFIER = "com.ogamita.games.macos-stonedge-appTests";
				PRODUCT_NAME = "$(TARGET_NAME)";
				SWIFT_EMIT_LOC_STRINGS = NO;
				SWIFT_VERSION = 5.0;
				TEST_HOST = "$(BUILT_PRODUCTS_DIR)/macos-stonedge-app.app/$(BUNDLE_EXECUTABLE_FOLDER_PATH)/macos-stonedge-app";
			};
			name = Debug;
		};
		2A0F6E732CA00F1600BF22F4 /* Release */ = {
			isa = XCBuildConfiguration;
			buildSettings = {
				ALWAYS_EMBED_SWIFT_STANDARD_LIBRARIES = YES;
				BUNDLE_LOADER = "$(TEST_HOST)";
				CODE_SIGN_STYLE = Automatic;
				CURRENT_PROJECT_VERSION = 1;
				DEVELOPMENT_TEAM = EKM4K54R7P;
				GENERATE_INFOPLIST_FILE = YES;
				MACOSX_DEPLOYMENT_TARGET = 14.5;
				MARKETING_VERSION = 1.0;
				PRODUCT_BUNDLE_IDENTIFIER = "com.ogamita.games.macos-stonedge-appTests";
				PRODUCT_NAME = "$(TARGET_NAME)";
				SWIFT_EMIT_LOC_STRINGS = NO;
				SWIFT_VERSION = 5.0;
				TEST_HOST = "$(BUILT_PRODUCTS_DIR)/macos-stonedge-app.app/$(BUNDLE_EXECUTABLE_FOLDER_PATH)/macos-stonedge-app";
			};
			name = Release;
		};
		2A0F6E752CA00F1600BF22F4 /* Debug */ = {
			isa = XCBuildConfiguration;
			buildSettings = {
				ALWAYS_EMBED_SWIFT_STANDARD_LIBRARIES = YES;
				CODE_SIGN_STYLE = Automatic;
				CURRENT_PROJECT_VERSION = 1;
				DEVELOPMENT_TEAM = EKM4K54R7P;
				GENERATE_INFOPLIST_FILE = YES;
				MARKETING_VERSION = 1.0;
				PRODUCT_BUNDLE_IDENTIFIER = "com.ogamita.games.macos-stonedge-appUITests";
				PRODUCT_NAME = "$(TARGET_NAME)";
				SWIFT_EMIT_LOC_STRINGS = NO;
				SWIFT_VERSION = 5.0;
				TEST_TARGET_NAME = "macos-stonedge-app";
			};
			name = Debug;
		};
		2A0F6E762CA00F1600BF22F4 /* Release */ = {
			isa = XCBuildConfiguration;
			buildSettings = {
				ALWAYS_EMBED_SWIFT_STANDARD_LIBRARIES = YES;
				CODE_SIGN_STYLE = Automatic;
				CURRENT_PROJECT_VERSION = 1;
				DEVELOPMENT_TEAM = EKM4K54R7P;
				GENERATE_INFOPLIST_FILE = YES;
				MARKETING_VERSION = 1.0;
				PRODUCT_BUNDLE_IDENTIFIER = "com.ogamita.games.macos-stonedge-appUITests";
				PRODUCT_NAME = "$(TARGET_NAME)";
				SWIFT_EMIT_LOC_STRINGS = NO;
				SWIFT_VERSION = 5.0;
				TEST_TARGET_NAME = "macos-stonedge-app";
			};
			name = Release;
		};
/* End XCBuildConfiguration section */

/* Begin XCConfigurationList section */
		2A0F6E442CA00F1500BF22F4 /* Build configuration list for PBXProject "macos-stonedge-app" */ = {
			isa = XCConfigurationList;
			buildConfigurations = (
				2A0F6E6C2CA00F1600BF22F4 /* Debug */,
				2A0F6E6D2CA00F1600BF22F4 /* Release */,
			);
			defaultConfigurationIsVisible = 0;
			defaultConfigurationName = Release;
		};
		2A0F6E6E2CA00F1600BF22F4 /* Build configuration list for PBXNativeTarget "macos-stonedge-app" */ = {
			isa = XCConfigurationList;
			buildConfigurations = (
				2A0F6E6F2CA00F1600BF22F4 /* Debug */,
				2A0F6E702CA00F1600BF22F4 /* Release */,
			);
			defaultConfigurationIsVisible = 0;
			defaultConfigurationName = Release;
		};
		2A0F6E712CA00F1600BF22F4 /* Build configuration list for PBXNativeTarget "macos-stonedge-appTests" */ = {
			isa = XCConfigurationList;
			buildConfigurations = (
				2A0F6E722CA00F1600BF22F4 /* Debug */,
				2A0F6E732CA00F1600BF22F4 /* Release */,
			);
			defaultConfigurationIsVisible = 0;
			defaultConfigurationName = Release;
		};
		2A0F6E742CA00F1600BF22F4 /* Build configuration list for PBXNativeTarget "macos-stonedge-appUITests" */ = {
			isa = XCConfigurationList;
			buildConfigurations = (
				2A0F6E752CA00F1600BF22F4 /* Debug */,
				2A0F6E762CA00F1600BF22F4 /* Release */,
			);
			defaultConfigurationIsVisible = 0;
			defaultConfigurationName = Release;
		};
/* End XCConfigurationList section */
	};
	rootObject = 2A0F6E412CA00F1500BF22F4 /* Project object */;
}
